// !$*UTF8*$!
{
	archiveVersion = 1;
	classes = {
	};
	objectVersion = 46;
	objects = {

/* Begin PBXBuildFile section */
<<<<<<< HEAD
		E12187F21434A67300F5156F /* ClientObject.m in Sources */ = {isa = PBXBuildFile; fileRef = E12187F11434A67300F5156F /* ClientObject.m */; };
		E1E64DFE1434C76000952186 /* JoinViewController.m in Sources */ = {isa = PBXBuildFile; fileRef = E1E64DFC1434C76000952186 /* JoinViewController.m */; };
		E1E64DFF1434C76000952186 /* JoinViewController.xib in Resources */ = {isa = PBXBuildFile; fileRef = E1E64DFD1434C76000952186 /* JoinViewController.xib */; };
		E1E64E1714355FDF00952186 /* PDFViewController.m in Sources */ = {isa = PBXBuildFile; fileRef = E1E64E1614355FDF00952186 /* PDFViewController.m */; };
		E1E64E34143563A600952186 /* FastPdfKit.framework in Frameworks */ = {isa = PBXBuildFile; fileRef = E1E64E2F143563A600952186 /* FastPdfKit.framework */; };
		E1E64E35143563A600952186 /* FastPdfKitFramework.xcconfig in Resources */ = {isa = PBXBuildFile; fileRef = E1E64E31143563A600952186 /* FastPdfKitFramework.xcconfig */; };
		E1E64E36143563A600952186 /* FPKReaderBundle.bundle in Resources */ = {isa = PBXBuildFile; fileRef = E1E64E32143563A600952186 /* FPKReaderBundle.bundle */; };
		E1E64E37143563A600952186 /* Snippets.txt in Resources */ = {isa = PBXBuildFile; fileRef = E1E64E33143563A600952186 /* Snippets.txt */; };
		E1E64E391435672E00952186 /* Manual.pdf in Resources */ = {isa = PBXBuildFile; fileRef = E1E64E381435672E00952186 /* Manual.pdf */; };
=======
		4AE45D6C1435B55A00475052 /* PptFileSelectController.m in Sources */ = {isa = PBXBuildFile; fileRef = 4AE45D6B1435B55A00475052 /* PptFileSelectController.m */; };
		4AE45D6F1435C24200475052 /* OptionMenuViewController.m in Sources */ = {isa = PBXBuildFile; fileRef = 4AE45D6E1435C24100475052 /* OptionMenuViewController.m */; };
>>>>>>> 4b711b5cfc0745f374cdf051d6772ca0edbb21a4
		E1F4F8401431A5410032D2A0 /* UIKit.framework in Frameworks */ = {isa = PBXBuildFile; fileRef = E1F4F83F1431A5410032D2A0 /* UIKit.framework */; };
		E1F4F8421431A5410032D2A0 /* Foundation.framework in Frameworks */ = {isa = PBXBuildFile; fileRef = E1F4F8411431A5410032D2A0 /* Foundation.framework */; };
		E1F4F8441431A5410032D2A0 /* CoreGraphics.framework in Frameworks */ = {isa = PBXBuildFile; fileRef = E1F4F8431431A5410032D2A0 /* CoreGraphics.framework */; };
		E1F4F84A1431A5410032D2A0 /* InfoPlist.strings in Resources */ = {isa = PBXBuildFile; fileRef = E1F4F8481431A5410032D2A0 /* InfoPlist.strings */; };
		E1F4F84C1431A5410032D2A0 /* main.m in Sources */ = {isa = PBXBuildFile; fileRef = E1F4F84B1431A5410032D2A0 /* main.m */; };
		E1F4F8501431A5410032D2A0 /* IdeaTableAppDelegate.m in Sources */ = {isa = PBXBuildFile; fileRef = E1F4F84F1431A5410032D2A0 /* IdeaTableAppDelegate.m */; };
		E1F4F8531431A5410032D2A0 /* MainWindow.xib in Resources */ = {isa = PBXBuildFile; fileRef = E1F4F8511431A5410032D2A0 /* MainWindow.xib */; };
		E1F4F8561431A5410032D2A0 /* IdeaTableViewController.m in Sources */ = {isa = PBXBuildFile; fileRef = E1F4F8551431A5410032D2A0 /* IdeaTableViewController.m */; };
		E1F4F8591431A5410032D2A0 /* IdeaTableViewController.xib in Resources */ = {isa = PBXBuildFile; fileRef = E1F4F8571431A5410032D2A0 /* IdeaTableViewController.xib */; };
		E1F4F8621431A5700032D2A0 /* MainWindow-iPad.xib in Resources */ = {isa = PBXBuildFile; fileRef = E1F4F8601431A5700032D2A0 /* MainWindow-iPad.xib */; };
		E1F4F8651431AB630032D2A0 /* CreateTableViewController.m in Sources */ = {isa = PBXBuildFile; fileRef = E1F4F8641431AB630032D2A0 /* CreateTableViewController.m */; };
		E1F4F8681431BCE40032D2A0 /* WaitingRoomViewController.m in Sources */ = {isa = PBXBuildFile; fileRef = E1F4F8671431BCE40032D2A0 /* WaitingRoomViewController.m */; };
		E1F4F86F1431D8770032D2A0 /* UserInfo.m in Sources */ = {isa = PBXBuildFile; fileRef = E1F4F86E1431D8770032D2A0 /* UserInfo.m */; };
		E1F4F8721431E9D40032D2A0 /* ServerObject.m in Sources */ = {isa = PBXBuildFile; fileRef = E1F4F8711431E9D40032D2A0 /* ServerObject.m */; };
/* End PBXBuildFile section */

/* Begin PBXFileReference section */
<<<<<<< HEAD
		E12187F01434A67300F5156F /* ClientObject.h */ = {isa = PBXFileReference; fileEncoding = 4; lastKnownFileType = sourcecode.c.h; path = ClientObject.h; sourceTree = "<group>"; };
		E12187F11434A67300F5156F /* ClientObject.m */ = {isa = PBXFileReference; fileEncoding = 4; lastKnownFileType = sourcecode.c.objc; path = ClientObject.m; sourceTree = "<group>"; };
		E1E64DFB1434C76000952186 /* JoinViewController.h */ = {isa = PBXFileReference; fileEncoding = 4; lastKnownFileType = sourcecode.c.h; name = JoinViewController.h; path = ../JoinViewController.h; sourceTree = "<group>"; };
		E1E64DFC1434C76000952186 /* JoinViewController.m */ = {isa = PBXFileReference; fileEncoding = 4; lastKnownFileType = sourcecode.c.objc; name = JoinViewController.m; path = ../JoinViewController.m; sourceTree = "<group>"; };
		E1E64DFD1434C76000952186 /* JoinViewController.xib */ = {isa = PBXFileReference; fileEncoding = 4; lastKnownFileType = file.xib; name = JoinViewController.xib; path = ../JoinViewController.xib; sourceTree = "<group>"; };
		E1E64E1514355FDE00952186 /* PDFViewController.h */ = {isa = PBXFileReference; fileEncoding = 4; lastKnownFileType = sourcecode.c.h; path = PDFViewController.h; sourceTree = "<group>"; };
		E1E64E1614355FDF00952186 /* PDFViewController.m */ = {isa = PBXFileReference; fileEncoding = 4; lastKnownFileType = sourcecode.c.objc; path = PDFViewController.m; sourceTree = "<group>"; };
		E1E64E2F143563A600952186 /* FastPdfKit.framework */ = {isa = PBXFileReference; lastKnownFileType = wrapper.framework; path = FastPdfKit.framework; sourceTree = "<group>"; };
		E1E64E31143563A600952186 /* FastPdfKitFramework.xcconfig */ = {isa = PBXFileReference; fileEncoding = 4; lastKnownFileType = text.xcconfig; path = FastPdfKitFramework.xcconfig; sourceTree = "<group>"; };
		E1E64E32143563A600952186 /* FPKReaderBundle.bundle */ = {isa = PBXFileReference; lastKnownFileType = "wrapper.plug-in"; path = FPKReaderBundle.bundle; sourceTree = "<group>"; };
		E1E64E33143563A600952186 /* Snippets.txt */ = {isa = PBXFileReference; fileEncoding = 4; lastKnownFileType = text; path = Snippets.txt; sourceTree = "<group>"; };
		E1E64E381435672E00952186 /* Manual.pdf */ = {isa = PBXFileReference; lastKnownFileType = image.pdf; path = Manual.pdf; sourceTree = "<group>"; };
=======
		4AE45D6A1435B55900475052 /* PptFileSelectController.h */ = {isa = PBXFileReference; fileEncoding = 4; lastKnownFileType = sourcecode.c.h; path = PptFileSelectController.h; sourceTree = "<group>"; };
		4AE45D6B1435B55A00475052 /* PptFileSelectController.m */ = {isa = PBXFileReference; fileEncoding = 4; lastKnownFileType = sourcecode.c.objc; path = PptFileSelectController.m; sourceTree = "<group>"; };
		4AE45D6D1435C24100475052 /* OptionMenuViewController.h */ = {isa = PBXFileReference; fileEncoding = 4; lastKnownFileType = sourcecode.c.h; path = OptionMenuViewController.h; sourceTree = "<group>"; };
		4AE45D6E1435C24100475052 /* OptionMenuViewController.m */ = {isa = PBXFileReference; fileEncoding = 4; lastKnownFileType = sourcecode.c.objc; path = OptionMenuViewController.m; sourceTree = "<group>"; };
>>>>>>> 4b711b5cfc0745f374cdf051d6772ca0edbb21a4
		E1F4F83B1431A5410032D2A0 /* IdeaTable.app */ = {isa = PBXFileReference; explicitFileType = wrapper.application; includeInIndex = 0; path = IdeaTable.app; sourceTree = BUILT_PRODUCTS_DIR; };
		E1F4F83F1431A5410032D2A0 /* UIKit.framework */ = {isa = PBXFileReference; lastKnownFileType = wrapper.framework; name = UIKit.framework; path = System/Library/Frameworks/UIKit.framework; sourceTree = SDKROOT; };
		E1F4F8411431A5410032D2A0 /* Foundation.framework */ = {isa = PBXFileReference; lastKnownFileType = wrapper.framework; name = Foundation.framework; path = System/Library/Frameworks/Foundation.framework; sourceTree = SDKROOT; };
		E1F4F8431431A5410032D2A0 /* CoreGraphics.framework */ = {isa = PBXFileReference; lastKnownFileType = wrapper.framework; name = CoreGraphics.framework; path = System/Library/Frameworks/CoreGraphics.framework; sourceTree = SDKROOT; };
		E1F4F8471431A5410032D2A0 /* IdeaTable-Info.plist */ = {isa = PBXFileReference; lastKnownFileType = text.plist.xml; path = "IdeaTable-Info.plist"; sourceTree = "<group>"; };
		E1F4F8491431A5410032D2A0 /* en */ = {isa = PBXFileReference; lastKnownFileType = text.plist.strings; name = en; path = en.lproj/InfoPlist.strings; sourceTree = "<group>"; };
		E1F4F84B1431A5410032D2A0 /* main.m */ = {isa = PBXFileReference; lastKnownFileType = sourcecode.c.objc; path = main.m; sourceTree = "<group>"; };
		E1F4F84D1431A5410032D2A0 /* IdeaTable-Prefix.pch */ = {isa = PBXFileReference; lastKnownFileType = sourcecode.c.h; path = "IdeaTable-Prefix.pch"; sourceTree = "<group>"; };
		E1F4F84E1431A5410032D2A0 /* IdeaTableAppDelegate.h */ = {isa = PBXFileReference; lastKnownFileType = sourcecode.c.h; path = IdeaTableAppDelegate.h; sourceTree = "<group>"; };
		E1F4F84F1431A5410032D2A0 /* IdeaTableAppDelegate.m */ = {isa = PBXFileReference; lastKnownFileType = sourcecode.c.objc; path = IdeaTableAppDelegate.m; sourceTree = "<group>"; };
		E1F4F8521431A5410032D2A0 /* en */ = {isa = PBXFileReference; lastKnownFileType = file.xib; name = en; path = en.lproj/MainWindow.xib; sourceTree = "<group>"; };
		E1F4F8541431A5410032D2A0 /* IdeaTableViewController.h */ = {isa = PBXFileReference; lastKnownFileType = sourcecode.c.h; path = IdeaTableViewController.h; sourceTree = "<group>"; };
		E1F4F8551431A5410032D2A0 /* IdeaTableViewController.m */ = {isa = PBXFileReference; lastKnownFileType = sourcecode.c.objc; path = IdeaTableViewController.m; sourceTree = "<group>"; };
		E1F4F8581431A5410032D2A0 /* en */ = {isa = PBXFileReference; lastKnownFileType = file.xib; name = en; path = en.lproj/IdeaTableViewController.xib; sourceTree = "<group>"; };
		E1F4F8611431A5700032D2A0 /* en */ = {isa = PBXFileReference; lastKnownFileType = file.xib; name = en; path = "iPad/en.lproj/MainWindow-iPad.xib"; sourceTree = "<group>"; };
		E1F4F8631431AB630032D2A0 /* CreateTableViewController.h */ = {isa = PBXFileReference; fileEncoding = 4; lastKnownFileType = sourcecode.c.h; path = CreateTableViewController.h; sourceTree = "<group>"; };
		E1F4F8641431AB630032D2A0 /* CreateTableViewController.m */ = {isa = PBXFileReference; fileEncoding = 4; lastKnownFileType = sourcecode.c.objc; path = CreateTableViewController.m; sourceTree = "<group>"; };
		E1F4F8661431BCE40032D2A0 /* WaitingRoomViewController.h */ = {isa = PBXFileReference; fileEncoding = 4; lastKnownFileType = sourcecode.c.h; path = WaitingRoomViewController.h; sourceTree = "<group>"; };
		E1F4F8671431BCE40032D2A0 /* WaitingRoomViewController.m */ = {isa = PBXFileReference; fileEncoding = 4; lastKnownFileType = sourcecode.c.objc; path = WaitingRoomViewController.m; sourceTree = "<group>"; };
		E1F4F86D1431D8770032D2A0 /* UserInfo.h */ = {isa = PBXFileReference; fileEncoding = 4; lastKnownFileType = sourcecode.c.h; path = UserInfo.h; sourceTree = "<group>"; };
		E1F4F86E1431D8770032D2A0 /* UserInfo.m */ = {isa = PBXFileReference; fileEncoding = 4; lastKnownFileType = sourcecode.c.objc; path = UserInfo.m; sourceTree = "<group>"; };
		E1F4F8701431E9D40032D2A0 /* ServerObject.h */ = {isa = PBXFileReference; fileEncoding = 4; lastKnownFileType = sourcecode.c.h; path = ServerObject.h; sourceTree = "<group>"; };
		E1F4F8711431E9D40032D2A0 /* ServerObject.m */ = {isa = PBXFileReference; fileEncoding = 4; lastKnownFileType = sourcecode.c.objc; path = ServerObject.m; sourceTree = "<group>"; };
/* End PBXFileReference section */

/* Begin PBXFrameworksBuildPhase section */
		E1F4F8381431A5410032D2A0 /* Frameworks */ = {
			isa = PBXFrameworksBuildPhase;
			buildActionMask = 2147483647;
			files = (
				E1F4F8401431A5410032D2A0 /* UIKit.framework in Frameworks */,
				E1F4F8421431A5410032D2A0 /* Foundation.framework in Frameworks */,
				E1F4F8441431A5410032D2A0 /* CoreGraphics.framework in Frameworks */,
				E1E64E34143563A600952186 /* FastPdfKit.framework in Frameworks */,
			);
			runOnlyForDeploymentPostprocessing = 0;
		};
/* End PBXFrameworksBuildPhase section */

/* Begin PBXGroup section */
		E1E64E2E143563A600952186 /* FastPdfKit.embeddedframework */ = {
			isa = PBXGroup;
			children = (
				E1E64E2F143563A600952186 /* FastPdfKit.framework */,
				E1E64E30143563A600952186 /* Resources */,
			);
			path = FastPdfKit.embeddedframework;
			sourceTree = "<group>";
		};
		E1E64E30143563A600952186 /* Resources */ = {
			isa = PBXGroup;
			children = (
				E1E64E31143563A600952186 /* FastPdfKitFramework.xcconfig */,
				E1E64E32143563A600952186 /* FPKReaderBundle.bundle */,
				E1E64E33143563A600952186 /* Snippets.txt */,
			);
			path = Resources;
			sourceTree = "<group>";
		};
		E1F4F8301431A5410032D2A0 = {
			isa = PBXGroup;
			children = (
				E1F4F8451431A5410032D2A0 /* IdeaTable */,
				E1F4F83E1431A5410032D2A0 /* Frameworks */,
				E1F4F83C1431A5410032D2A0 /* Products */,
			);
			sourceTree = "<group>";
		};
		E1F4F83C1431A5410032D2A0 /* Products */ = {
			isa = PBXGroup;
			children = (
				E1F4F83B1431A5410032D2A0 /* IdeaTable.app */,
			);
			name = Products;
			sourceTree = "<group>";
		};
		E1F4F83E1431A5410032D2A0 /* Frameworks */ = {
			isa = PBXGroup;
			children = (
				E1E64E2E143563A600952186 /* FastPdfKit.embeddedframework */,
				E1F4F83F1431A5410032D2A0 /* UIKit.framework */,
				E1F4F8411431A5410032D2A0 /* Foundation.framework */,
				E1F4F8431431A5410032D2A0 /* CoreGraphics.framework */,
			);
			name = Frameworks;
			sourceTree = "<group>";
		};
		E1F4F8451431A5410032D2A0 /* IdeaTable */ = {
			isa = PBXGroup;
			children = (
				E1F4F85F1431A56F0032D2A0 /* iPad */,
				E1F4F84E1431A5410032D2A0 /* IdeaTableAppDelegate.h */,
				E1F4F84F1431A5410032D2A0 /* IdeaTableAppDelegate.m */,
				E1F4F8511431A5410032D2A0 /* MainWindow.xib */,
				E1F4F8541431A5410032D2A0 /* IdeaTableViewController.h */,
				E1F4F8551431A5410032D2A0 /* IdeaTableViewController.m */,
				E1F4F8571431A5410032D2A0 /* IdeaTableViewController.xib */,
				E1F4F8461431A5410032D2A0 /* Supporting Files */,
				E1F4F8631431AB630032D2A0 /* CreateTableViewController.h */,
				E1F4F8641431AB630032D2A0 /* CreateTableViewController.m */,
				E1F4F8661431BCE40032D2A0 /* WaitingRoomViewController.h */,
				E1F4F8671431BCE40032D2A0 /* WaitingRoomViewController.m */,
				E1E64DFB1434C76000952186 /* JoinViewController.h */,
				E1E64DFC1434C76000952186 /* JoinViewController.m */,
				E1E64DFD1434C76000952186 /* JoinViewController.xib */,
				E1F4F86D1431D8770032D2A0 /* UserInfo.h */,
				E1F4F86E1431D8770032D2A0 /* UserInfo.m */,
				E1F4F8701431E9D40032D2A0 /* ServerObject.h */,
				E1F4F8711431E9D40032D2A0 /* ServerObject.m */,
<<<<<<< HEAD
				E12187F01434A67300F5156F /* ClientObject.h */,
				E12187F11434A67300F5156F /* ClientObject.m */,
				E1E64E1514355FDE00952186 /* PDFViewController.h */,
				E1E64E1614355FDF00952186 /* PDFViewController.m */,
=======
				4AE45D6A1435B55900475052 /* PptFileSelectController.h */,
				4AE45D6B1435B55A00475052 /* PptFileSelectController.m */,
				4AE45D6D1435C24100475052 /* OptionMenuViewController.h */,
				4AE45D6E1435C24100475052 /* OptionMenuViewController.m */,
>>>>>>> 4b711b5cfc0745f374cdf051d6772ca0edbb21a4
			);
			path = IdeaTable;
			sourceTree = "<group>";
		};
		E1F4F8461431A5410032D2A0 /* Supporting Files */ = {
			isa = PBXGroup;
			children = (
				E1E64E381435672E00952186 /* Manual.pdf */,
				E1F4F8471431A5410032D2A0 /* IdeaTable-Info.plist */,
				E1F4F8481431A5410032D2A0 /* InfoPlist.strings */,
				E1F4F84B1431A5410032D2A0 /* main.m */,
				E1F4F84D1431A5410032D2A0 /* IdeaTable-Prefix.pch */,
			);
			name = "Supporting Files";
			sourceTree = "<group>";
		};
		E1F4F85F1431A56F0032D2A0 /* iPad */ = {
			isa = PBXGroup;
			children = (
				E1F4F8601431A5700032D2A0 /* MainWindow-iPad.xib */,
			);
			name = iPad;
			sourceTree = "<group>";
		};
/* End PBXGroup section */

/* Begin PBXNativeTarget section */
		E1F4F83A1431A5410032D2A0 /* IdeaTable */ = {
			isa = PBXNativeTarget;
			buildConfigurationList = E1F4F85C1431A5410032D2A0 /* Build configuration list for PBXNativeTarget "IdeaTable" */;
			buildPhases = (
				E1F4F8371431A5410032D2A0 /* Sources */,
				E1F4F8381431A5410032D2A0 /* Frameworks */,
				E1F4F8391431A5410032D2A0 /* Resources */,
			);
			buildRules = (
			);
			dependencies = (
			);
			name = IdeaTable;
			productName = IdeaTable;
			productReference = E1F4F83B1431A5410032D2A0 /* IdeaTable.app */;
			productType = "com.apple.product-type.application";
		};
/* End PBXNativeTarget section */

/* Begin PBXProject section */
		E1F4F8321431A5410032D2A0 /* Project object */ = {
			isa = PBXProject;
			attributes = {
				ORGANIZATIONNAME = O.o.Z;
			};
			buildConfigurationList = E1F4F8351431A5410032D2A0 /* Build configuration list for PBXProject "IdeaTable" */;
			compatibilityVersion = "Xcode 3.2";
			developmentRegion = English;
			hasScannedForEncodings = 0;
			knownRegions = (
				en,
			);
			mainGroup = E1F4F8301431A5410032D2A0;
			productRefGroup = E1F4F83C1431A5410032D2A0 /* Products */;
			projectDirPath = "";
			projectRoot = "";
			targets = (
				E1F4F83A1431A5410032D2A0 /* IdeaTable */,
			);
		};
/* End PBXProject section */

/* Begin PBXResourcesBuildPhase section */
		E1F4F8391431A5410032D2A0 /* Resources */ = {
			isa = PBXResourcesBuildPhase;
			buildActionMask = 2147483647;
			files = (
				E1F4F84A1431A5410032D2A0 /* InfoPlist.strings in Resources */,
				E1F4F8531431A5410032D2A0 /* MainWindow.xib in Resources */,
				E1F4F8591431A5410032D2A0 /* IdeaTableViewController.xib in Resources */,
				E1F4F8621431A5700032D2A0 /* MainWindow-iPad.xib in Resources */,
				E1E64DFF1434C76000952186 /* JoinViewController.xib in Resources */,
				E1E64E35143563A600952186 /* FastPdfKitFramework.xcconfig in Resources */,
				E1E64E36143563A600952186 /* FPKReaderBundle.bundle in Resources */,
				E1E64E37143563A600952186 /* Snippets.txt in Resources */,
				E1E64E391435672E00952186 /* Manual.pdf in Resources */,
			);
			runOnlyForDeploymentPostprocessing = 0;
		};
/* End PBXResourcesBuildPhase section */

/* Begin PBXSourcesBuildPhase section */
		E1F4F8371431A5410032D2A0 /* Sources */ = {
			isa = PBXSourcesBuildPhase;
			buildActionMask = 2147483647;
			files = (
				E1F4F84C1431A5410032D2A0 /* main.m in Sources */,
				E1F4F8501431A5410032D2A0 /* IdeaTableAppDelegate.m in Sources */,
				E1F4F8561431A5410032D2A0 /* IdeaTableViewController.m in Sources */,
				E1F4F8651431AB630032D2A0 /* CreateTableViewController.m in Sources */,
				E1F4F8681431BCE40032D2A0 /* WaitingRoomViewController.m in Sources */,
				E1F4F86F1431D8770032D2A0 /* UserInfo.m in Sources */,
				E1F4F8721431E9D40032D2A0 /* ServerObject.m in Sources */,
<<<<<<< HEAD
				E12187F21434A67300F5156F /* ClientObject.m in Sources */,
				E1E64DFE1434C76000952186 /* JoinViewController.m in Sources */,
				E1E64E1714355FDF00952186 /* PDFViewController.m in Sources */,
=======
				4AE45D6C1435B55A00475052 /* PptFileSelectController.m in Sources */,
				4AE45D6F1435C24200475052 /* OptionMenuViewController.m in Sources */,
>>>>>>> 4b711b5cfc0745f374cdf051d6772ca0edbb21a4
			);
			runOnlyForDeploymentPostprocessing = 0;
		};
/* End PBXSourcesBuildPhase section */

/* Begin PBXVariantGroup section */
		E1F4F8481431A5410032D2A0 /* InfoPlist.strings */ = {
			isa = PBXVariantGroup;
			children = (
				E1F4F8491431A5410032D2A0 /* en */,
			);
			name = InfoPlist.strings;
			sourceTree = "<group>";
		};
		E1F4F8511431A5410032D2A0 /* MainWindow.xib */ = {
			isa = PBXVariantGroup;
			children = (
				E1F4F8521431A5410032D2A0 /* en */,
			);
			name = MainWindow.xib;
			sourceTree = "<group>";
		};
		E1F4F8571431A5410032D2A0 /* IdeaTableViewController.xib */ = {
			isa = PBXVariantGroup;
			children = (
				E1F4F8581431A5410032D2A0 /* en */,
			);
			name = IdeaTableViewController.xib;
			sourceTree = "<group>";
		};
		E1F4F8601431A5700032D2A0 /* MainWindow-iPad.xib */ = {
			isa = PBXVariantGroup;
			children = (
				E1F4F8611431A5700032D2A0 /* en */,
			);
			name = "MainWindow-iPad.xib";
			sourceTree = "<group>";
		};
/* End PBXVariantGroup section */

/* Begin XCBuildConfiguration section */
		E1F4F85A1431A5410032D2A0 /* Debug */ = {
			isa = XCBuildConfiguration;
			buildSettings = {
				ALWAYS_SEARCH_USER_PATHS = NO;
				ARCHS = "$(ARCHS_UNIVERSAL_IPHONE_OS)";
				"CODE_SIGN_IDENTITY[sdk=iphoneos*]" = "iPhone Developer";
				COPY_PHASE_STRIP = NO;
				GCC_C_LANGUAGE_STANDARD = gnu99;
				GCC_DYNAMIC_NO_PIC = NO;
				GCC_OPTIMIZATION_LEVEL = 0;
				GCC_PREPROCESSOR_DEFINITIONS = (
					"DEBUG=1",
					"$(inherited)",
				);
				GCC_SYMBOLS_PRIVATE_EXTERN = NO;
				GCC_VERSION = com.apple.compilers.llvmgcc42;
				GCC_WARN_ABOUT_MISSING_PROTOTYPES = NO;
				GCC_WARN_ABOUT_RETURN_TYPE = YES;
				GCC_WARN_UNUSED_VARIABLE = YES;
				IPHONEOS_DEPLOYMENT_TARGET = 4.3;
				SDKROOT = iphoneos4.3;
				VALID_ARCHS = "armv7 armv6";
			};
			name = Debug;
		};
		E1F4F85B1431A5410032D2A0 /* Release */ = {
			isa = XCBuildConfiguration;
			buildSettings = {
				ALWAYS_SEARCH_USER_PATHS = NO;
				ARCHS = "$(ARCHS_UNIVERSAL_IPHONE_OS)";
				"CODE_SIGN_IDENTITY[sdk=iphoneos*]" = "iPhone Developer";
				COPY_PHASE_STRIP = YES;
				GCC_C_LANGUAGE_STANDARD = gnu99;
				GCC_VERSION = com.apple.compilers.llvmgcc42;
				GCC_WARN_ABOUT_MISSING_PROTOTYPES = NO;
				GCC_WARN_ABOUT_RETURN_TYPE = YES;
				GCC_WARN_UNUSED_VARIABLE = YES;
				IPHONEOS_DEPLOYMENT_TARGET = 4.3;
				OTHER_CFLAGS = "-DNS_BLOCK_ASSERTIONS=1";
				SDKROOT = iphoneos4.3;
				VALIDATE_PRODUCT = YES;
				VALID_ARCHS = "armv7 armv6";
			};
			name = Release;
		};
		E1F4F85D1431A5410032D2A0 /* Debug */ = {
			isa = XCBuildConfiguration;
			baseConfigurationReference = E1E64E31143563A600952186 /* FastPdfKitFramework.xcconfig */;
			buildSettings = {
				ARCHS = "$(ARCHS_UNIVERSAL_IPHONE_OS)";
				CODE_SIGN_IDENTITY = "iPhone Developer: Jeff Woo (72Q6UY22J7)";
				"CODE_SIGN_IDENTITY[sdk=iphoneos*]" = "iPhone Developer: Jeff Woo (72Q6UY22J7)";
				FRAMEWORK_SEARCH_PATHS = (
					"$(inherited)",
					"\"$(SRCROOT)/FastPdfKit.embeddedframework\"",
				);
				GCC_PRECOMPILE_PREFIX_HEADER = YES;
				GCC_PREFIX_HEADER = "IdeaTable/IdeaTable-Prefix.pch";
				INFOPLIST_FILE = "IdeaTable/IdeaTable-Info.plist";
				IPHONEOS_DEPLOYMENT_TARGET = 4.3;
				PRODUCT_NAME = "$(TARGET_NAME)";
				PROVISIONING_PROFILE = "7140719E-4725-4FDC-AF4C-9A6308A50C54";
				"PROVISIONING_PROFILE[sdk=iphoneos*]" = "7140719E-4725-4FDC-AF4C-9A6308A50C54";
				TARGETED_DEVICE_FAMILY = "1,2";
				VALID_ARCHS = "i386 armv7 armv6";
				WRAPPER_EXTENSION = app;
			};
			name = Debug;
		};
		E1F4F85E1431A5410032D2A0 /* Release */ = {
			isa = XCBuildConfiguration;
			baseConfigurationReference = E1E64E31143563A600952186 /* FastPdfKitFramework.xcconfig */;
			buildSettings = {
				ARCHS = "$(ARCHS_UNIVERSAL_IPHONE_OS)";
				FRAMEWORK_SEARCH_PATHS = (
					"$(inherited)",
					"\"$(SRCROOT)/FastPdfKit.embeddedframework\"",
				);
				GCC_PRECOMPILE_PREFIX_HEADER = YES;
				GCC_PREFIX_HEADER = "IdeaTable/IdeaTable-Prefix.pch";
				INFOPLIST_FILE = "IdeaTable/IdeaTable-Info.plist";
				IPHONEOS_DEPLOYMENT_TARGET = 4.3;
				PRODUCT_NAME = "$(TARGET_NAME)";
				TARGETED_DEVICE_FAMILY = "1,2";
				VALID_ARCHS = "i386 armv7 armv6";
				WRAPPER_EXTENSION = app;
			};
			name = Release;
		};
/* End XCBuildConfiguration section */

/* Begin XCConfigurationList section */
		E1F4F8351431A5410032D2A0 /* Build configuration list for PBXProject "IdeaTable" */ = {
			isa = XCConfigurationList;
			buildConfigurations = (
				E1F4F85A1431A5410032D2A0 /* Debug */,
				E1F4F85B1431A5410032D2A0 /* Release */,
			);
			defaultConfigurationIsVisible = 0;
			defaultConfigurationName = Release;
		};
		E1F4F85C1431A5410032D2A0 /* Build configuration list for PBXNativeTarget "IdeaTable" */ = {
			isa = XCConfigurationList;
			buildConfigurations = (
				E1F4F85D1431A5410032D2A0 /* Debug */,
				E1F4F85E1431A5410032D2A0 /* Release */,
			);
			defaultConfigurationIsVisible = 0;
			defaultConfigurationName = Release;
		};
/* End XCConfigurationList section */
	};
	rootObject = E1F4F8321431A5410032D2A0 /* Project object */;
}
