// !$*UTF8*$!
{
	archiveVersion = 1;
	classes = {
	};
	objectVersion = 46;
	objects = {

/* Begin PBXBuildFile section */
		E12187F21434A67300F5156F /* ClientObject.m in Sources */ = {isa = PBXBuildFile; fileRef = E12187F11434A67300F5156F /* ClientObject.m */; };
		E13B4B6A145D6D4B00975702 /* 53-house.png in Resources */ = {isa = PBXBuildFile; fileRef = E13B4B69145D6D4B00975702 /* 53-house.png */; };
		E13B4B6C145D6DC000975702 /* 187-pencil.png in Resources */ = {isa = PBXBuildFile; fileRef = E13B4B6B145D6DC000975702 /* 187-pencil.png */; };
		E13B4B7A145DA38D00975702 /* 54-lock.png in Resources */ = {isa = PBXBuildFile; fileRef = E13B4B79145DA38D00975702 /* 54-lock.png */; };
		E15150F114502C3600B36295 /* PaintingView.m in Sources */ = {isa = PBXBuildFile; fileRef = E15150F014502C3600B36295 /* PaintingView.m */; };
		E15150F414502DFA00B36295 /* QuartzCore.framework in Frameworks */ = {isa = PBXBuildFile; fileRef = E15150F314502DFA00B36295 /* QuartzCore.framework */; };
		E15150F614502E1C00B36295 /* OpenGLES.framework in Frameworks */ = {isa = PBXBuildFile; fileRef = E15150F514502E1C00B36295 /* OpenGLES.framework */; };
		E15150FC14505AF100B36295 /* Particle.png in Resources */ = {isa = PBXBuildFile; fileRef = E15150FB14505AF100B36295 /* Particle.png */; };
		E169425B143C8739002B5029 /* OptionMenuViewController.m in Sources */ = {isa = PBXBuildFile; fileRef = E169425A143C8739002B5029 /* OptionMenuViewController.m */; };
		E169425E143C874C002B5029 /* PptFileSelectController.m in Sources */ = {isa = PBXBuildFile; fileRef = E169425D143C874C002B5029 /* PptFileSelectController.m */; };
		E1694289144190F4002B5029 /* ClearTableViewController.m in Sources */ = {isa = PBXBuildFile; fileRef = E1694288144190F3002B5029 /* ClearTableViewController.m */; };
		E169429A1442AAEE002B5029 /* TableInfo.m in Sources */ = {isa = PBXBuildFile; fileRef = E16942991442AAED002B5029 /* TableInfo.m */; };
		E1728D8C145025A000A6FD6C /* FastPdfKit.framework in Frameworks */ = {isa = PBXBuildFile; fileRef = E1728D87145025A000A6FD6C /* FastPdfKit.framework */; };
		E1728D8D145025A000A6FD6C /* FastPdfKitFramework.xcconfig in Resources */ = {isa = PBXBuildFile; fileRef = E1728D89145025A000A6FD6C /* FastPdfKitFramework.xcconfig */; };
		E1728D8E145025A000A6FD6C /* FPKReaderBundle.bundle in Resources */ = {isa = PBXBuildFile; fileRef = E1728D8A145025A000A6FD6C /* FPKReaderBundle.bundle */; };
		E1728D8F145025A000A6FD6C /* Snippets.txt in Resources */ = {isa = PBXBuildFile; fileRef = E1728D8B145025A000A6FD6C /* Snippets.txt */; };
		E1AF96CE14542083008162AC /* DrawingData.m in Sources */ = {isa = PBXBuildFile; fileRef = E1AF96CD14542083008162AC /* DrawingData.m */; };
		E1AF96D414543632008162AC /* CreateMemoController.m in Sources */ = {isa = PBXBuildFile; fileRef = E1AF96D214543632008162AC /* CreateMemoController.m */; };
		E1AF96D514543632008162AC /* CreateMemoController.xib in Resources */ = {isa = PBXBuildFile; fileRef = E1AF96D314543632008162AC /* CreateMemoController.xib */; };
		E1AF96D8145439B1008162AC /* PresentationController.m in Sources */ = {isa = PBXBuildFile; fileRef = E1AF96D7145439B1008162AC /* PresentationController.m */; };
		E1E64DFE1434C76000952186 /* JoinViewController.m in Sources */ = {isa = PBXBuildFile; fileRef = E1E64DFC1434C76000952186 /* JoinViewController.m */; };
		E1E64DFF1434C76000952186 /* JoinViewController.xib in Resources */ = {isa = PBXBuildFile; fileRef = E1E64DFD1434C76000952186 /* JoinViewController.xib */; };
		E1E64E1714355FDF00952186 /* PDFViewController.m in Sources */ = {isa = PBXBuildFile; fileRef = E1E64E1614355FDF00952186 /* PDFViewController.m */; };
		E1E64E391435672E00952186 /* Manual.pdf in Resources */ = {isa = PBXBuildFile; fileRef = E1E64E381435672E00952186 /* Manual.pdf */; };
		E1F4F8401431A5410032D2A0 /* UIKit.framework in Frameworks */ = {isa = PBXBuildFile; fileRef = E1F4F83F1431A5410032D2A0 /* UIKit.framework */; };
		E1F4F8421431A5410032D2A0 /* Foundation.framework in Frameworks */ = {isa = PBXBuildFile; fileRef = E1F4F8411431A5410032D2A0 /* Foundation.framework */; };
		E1F4F8441431A5410032D2A0 /* CoreGraphics.framework in Frameworks */ = {isa = PBXBuildFile; fileRef = E1F4F8431431A5410032D2A0 /* CoreGraphics.framework */; };
		E1F4F84A1431A5410032D2A0 /* InfoPlist.strings in Resources */ = {isa = PBXBuildFile; fileRef = E1F4F8481431A5410032D2A0 /* InfoPlist.strings */; };
		E1F4F84C1431A5410032D2A0 /* main.m in Sources */ = {isa = PBXBuildFile; fileRef = E1F4F84B1431A5410032D2A0 /* main.m */; };
		E1F4F8501431A5410032D2A0 /* IdeaTableAppDelegate.m in Sources */ = {isa = PBXBuildFile; fileRef = E1F4F84F1431A5410032D2A0 /* IdeaTableAppDelegate.m */; };
		E1F4F8531431A5410032D2A0 /* MainWindow.xib in Resources */ = {isa = PBXBuildFile; fileRef = E1F4F8511431A5410032D2A0 /* MainWindow.xib */; };
		E1F4F8561431A5410032D2A0 /* IdeaTableViewController.m in Sources */ = {isa = PBXBuildFile; fileRef = E1F4F8551431A5410032D2A0 /* IdeaTableViewController.m */; };
		E1F4F8591431A5410032D2A0 /* IdeaTableViewController.xib in Resources */ = {isa = PBXBuildFile; fileRef = E1F4F8571431A5410032D2A0 /* IdeaTableViewController.xib */; };
		E1F4F8621431A5700032D2A0 /* MainWindow-iPad.xib in Resources */ = {isa = PBXBuildFile; fileRef = E1F4F8601431A5700032D2A0 /* MainWindow-iPad.xib */; };
		E1F4F8651431AB630032D2A0 /* CreateTableViewController.m in Sources */ = {isa = PBXBuildFile; fileRef = E1F4F8641431AB630032D2A0 /* CreateTableViewController.m */; };
		E1F4F8681431BCE40032D2A0 /* WaitingRoomViewController.m in Sources */ = {isa = PBXBuildFile; fileRef = E1F4F8671431BCE40032D2A0 /* WaitingRoomViewController.m */; };
		E1F4F86F1431D8770032D2A0 /* UserInfo.m in Sources */ = {isa = PBXBuildFile; fileRef = E1F4F86E1431D8770032D2A0 /* UserInfo.m */; };
		E1F4F8721431E9D40032D2A0 /* ServerObject.m in Sources */ = {isa = PBXBuildFile; fileRef = E1F4F8711431E9D40032D2A0 /* ServerObject.m */; };
/* End PBXBuildFile section */

/* Begin PBXFileReference section */
		E12187F01434A67300F5156F /* ClientObject.h */ = {isa = PBXFileReference; fileEncoding = 4; lastKnownFileType = sourcecode.c.h; path = ClientObject.h; sourceTree = "<group>"; };
		E12187F11434A67300F5156F /* ClientObject.m */ = {isa = PBXFileReference; fileEncoding = 4; lastKnownFileType = sourcecode.c.objc; path = ClientObject.m; sourceTree = "<group>"; };
		E13B4B69145D6D4B00975702 /* 53-house.png */ = {isa = PBXFileReference; lastKnownFileType = image.png; path = "53-house.png"; sourceTree = "<group>"; };
		E13B4B6B145D6DC000975702 /* 187-pencil.png */ = {isa = PBXFileReference; lastKnownFileType = image.png; path = "187-pencil.png"; sourceTree = "<group>"; };
		E13B4B79145DA38D00975702 /* 54-lock.png */ = {isa = PBXFileReference; lastKnownFileType = image.png; path = "54-lock.png"; sourceTree = "<group>"; };
		E15150EF14502C3600B36295 /* PaintingView.h */ = {isa = PBXFileReference; fileEncoding = 4; lastKnownFileType = sourcecode.c.h; path = PaintingView.h; sourceTree = "<group>"; };
		E15150F014502C3600B36295 /* PaintingView.m */ = {isa = PBXFileReference; fileEncoding = 4; lastKnownFileType = sourcecode.c.objc; path = PaintingView.m; sourceTree = "<group>"; };
		E15150F314502DFA00B36295 /* QuartzCore.framework */ = {isa = PBXFileReference; lastKnownFileType = wrapper.framework; name = QuartzCore.framework; path = System/Library/Frameworks/QuartzCore.framework; sourceTree = SDKROOT; };
		E15150F514502E1C00B36295 /* OpenGLES.framework */ = {isa = PBXFileReference; lastKnownFileType = wrapper.framework; name = OpenGLES.framework; path = System/Library/Frameworks/OpenGLES.framework; sourceTree = SDKROOT; };
		E15150FB14505AF100B36295 /* Particle.png */ = {isa = PBXFileReference; lastKnownFileType = image.png; path = Particle.png; sourceTree = "<group>"; };
		E1694259143C8739002B5029 /* OptionMenuViewController.h */ = {isa = PBXFileReference; fileEncoding = 4; lastKnownFileType = sourcecode.c.h; path = OptionMenuViewController.h; sourceTree = "<group>"; };
		E169425A143C8739002B5029 /* OptionMenuViewController.m */ = {isa = PBXFileReference; fileEncoding = 4; lastKnownFileType = sourcecode.c.objc; path = OptionMenuViewController.m; sourceTree = "<group>"; };
		E169425C143C874C002B5029 /* PptFileSelectController.h */ = {isa = PBXFileReference; fileEncoding = 4; lastKnownFileType = sourcecode.c.h; path = PptFileSelectController.h; sourceTree = "<group>"; };
		E169425D143C874C002B5029 /* PptFileSelectController.m */ = {isa = PBXFileReference; fileEncoding = 4; lastKnownFileType = sourcecode.c.objc; path = PptFileSelectController.m; sourceTree = "<group>"; };
		E1694287144190F3002B5029 /* ClearTableViewController.h */ = {isa = PBXFileReference; fileEncoding = 4; lastKnownFileType = sourcecode.c.h; path = ClearTableViewController.h; sourceTree = "<group>"; };
		E1694288144190F3002B5029 /* ClearTableViewController.m */ = {isa = PBXFileReference; fileEncoding = 4; lastKnownFileType = sourcecode.c.objc; path = ClearTableViewController.m; sourceTree = "<group>"; };
		E16942981442AAED002B5029 /* TableInfo.h */ = {isa = PBXFileReference; fileEncoding = 4; lastKnownFileType = sourcecode.c.h; path = TableInfo.h; sourceTree = "<group>"; };
		E16942991442AAED002B5029 /* TableInfo.m */ = {isa = PBXFileReference; fileEncoding = 4; lastKnownFileType = sourcecode.c.objc; path = TableInfo.m; sourceTree = "<group>"; };
		E1728D87145025A000A6FD6C /* FastPdfKit.framework */ = {isa = PBXFileReference; lastKnownFileType = wrapper.framework; path = FastPdfKit.framework; sourceTree = "<group>"; };
		E1728D89145025A000A6FD6C /* FastPdfKitFramework.xcconfig */ = {isa = PBXFileReference; fileEncoding = 4; lastKnownFileType = text.xcconfig; path = FastPdfKitFramework.xcconfig; sourceTree = "<group>"; };
		E1728D8A145025A000A6FD6C /* FPKReaderBundle.bundle */ = {isa = PBXFileReference; lastKnownFileType = "wrapper.plug-in"; path = FPKReaderBundle.bundle; sourceTree = "<group>"; };
		E1728D8B145025A000A6FD6C /* Snippets.txt */ = {isa = PBXFileReference; fileEncoding = 4; lastKnownFileType = text; path = Snippets.txt; sourceTree = "<group>"; };
		E1AF96CC14542083008162AC /* DrawingData.h */ = {isa = PBXFileReference; fileEncoding = 4; lastKnownFileType = sourcecode.c.h; path = DrawingData.h; sourceTree = "<group>"; };
		E1AF96CD14542083008162AC /* DrawingData.m */ = {isa = PBXFileReference; fileEncoding = 4; lastKnownFileType = sourcecode.c.objc; path = DrawingData.m; sourceTree = "<group>"; };
		E1AF96D114543632008162AC /* CreateMemoController.h */ = {isa = PBXFileReference; fileEncoding = 4; lastKnownFileType = sourcecode.c.h; path = CreateMemoController.h; sourceTree = "<group>"; };
		E1AF96D214543632008162AC /* CreateMemoController.m */ = {isa = PBXFileReference; fileEncoding = 4; lastKnownFileType = sourcecode.c.objc; path = CreateMemoController.m; sourceTree = "<group>"; };
		E1AF96D314543632008162AC /* CreateMemoController.xib */ = {isa = PBXFileReference; fileEncoding = 4; lastKnownFileType = file.xib; path = CreateMemoController.xib; sourceTree = "<group>"; };
		E1AF96D6145439B1008162AC /* PresentationController.h */ = {isa = PBXFileReference; fileEncoding = 4; lastKnownFileType = sourcecode.c.h; path = PresentationController.h; sourceTree = "<group>"; };
		E1AF96D7145439B1008162AC /* PresentationController.m */ = {isa = PBXFileReference; fileEncoding = 4; lastKnownFileType = sourcecode.c.objc; path = PresentationController.m; sourceTree = "<group>"; };
		E1E64DFB1434C76000952186 /* JoinViewController.h */ = {isa = PBXFileReference; fileEncoding = 4; lastKnownFileType = sourcecode.c.h; name = JoinViewController.h; path = ../JoinViewController.h; sourceTree = "<group>"; };
		E1E64DFC1434C76000952186 /* JoinViewController.m */ = {isa = PBXFileReference; fileEncoding = 4; lastKnownFileType = sourcecode.c.objc; name = JoinViewController.m; path = ../JoinViewController.m; sourceTree = "<group>"; };
		E1E64DFD1434C76000952186 /* JoinViewController.xib */ = {isa = PBXFileReference; fileEncoding = 4; lastKnownFileType = file.xib; name = JoinViewController.xib; path = ../JoinViewController.xib; sourceTree = "<group>"; };
		E1E64E1514355FDE00952186 /* PDFViewController.h */ = {isa = PBXFileReference; fileEncoding = 4; lastKnownFileType = sourcecode.c.h; path = PDFViewController.h; sourceTree = "<group>"; };
		E1E64E1614355FDF00952186 /* PDFViewController.m */ = {isa = PBXFileReference; fileEncoding = 4; lastKnownFileType = sourcecode.c.objc; path = PDFViewController.m; sourceTree = "<group>"; };
		E1E64E381435672E00952186 /* Manual.pdf */ = {isa = PBXFileReference; lastKnownFileType = image.pdf; path = Manual.pdf; sourceTree = "<group>"; };
		E1F4F83B1431A5410032D2A0 /* IdeaTable.app */ = {isa = PBXFileReference; explicitFileType = wrapper.application; includeInIndex = 0; path = IdeaTable.app; sourceTree = BUILT_PRODUCTS_DIR; };
		E1F4F83F1431A5410032D2A0 /* UIKit.framework */ = {isa = PBXFileReference; lastKnownFileType = wrapper.framework; name = UIKit.framework; path = System/Library/Frameworks/UIKit.framework; sourceTree = SDKROOT; };
		E1F4F8411431A5410032D2A0 /* Foundation.framework */ = {isa = PBXFileReference; lastKnownFileType = wrapper.framework; name = Foundation.framework; path = System/Library/Frameworks/Foundation.framework; sourceTree = SDKROOT; };
		E1F4F8431431A5410032D2A0 /* CoreGraphics.framework */ = {isa = PBXFileReference; lastKnownFileType = wrapper.framework; name = CoreGraphics.framework; path = System/Library/Frameworks/CoreGraphics.framework; sourceTree = SDKROOT; };
		E1F4F8471431A5410032D2A0 /* IdeaTable-Info.plist */ = {isa = PBXFileReference; lastKnownFileType = text.plist.xml; path = "IdeaTable-Info.plist"; sourceTree = "<group>"; };
		E1F4F8491431A5410032D2A0 /* en */ = {isa = PBXFileReference; lastKnownFileType = text.plist.strings; name = en; path = en.lproj/InfoPlist.strings; sourceTree = "<group>"; };
		E1F4F84B1431A5410032D2A0 /* main.m */ = {isa = PBXFileReference; lastKnownFileType = sourcecode.c.objc; path = main.m; sourceTree = "<group>"; };
		E1F4F84D1431A5410032D2A0 /* IdeaTable-Prefix.pch */ = {isa = PBXFileReference; lastKnownFileType = sourcecode.c.h; path = "IdeaTable-Prefix.pch"; sourceTree = "<group>"; };
		E1F4F84E1431A5410032D2A0 /* IdeaTableAppDelegate.h */ = {isa = PBXFileReference; lastKnownFileType = sourcecode.c.h; path = IdeaTableAppDelegate.h; sourceTree = "<group>"; };
		E1F4F84F1431A5410032D2A0 /* IdeaTableAppDelegate.m */ = {isa = PBXFileReference; lastKnownFileType = sourcecode.c.objc; path = IdeaTableAppDelegate.m; sourceTree = "<group>"; };
		E1F4F8521431A5410032D2A0 /* en */ = {isa = PBXFileReference; lastKnownFileType = file.xib; name = en; path = en.lproj/MainWindow.xib; sourceTree = "<group>"; };
		E1F4F8541431A5410032D2A0 /* IdeaTableViewController.h */ = {isa = PBXFileReference; lastKnownFileType = sourcecode.c.h; path = IdeaTableViewController.h; sourceTree = "<group>"; };
		E1F4F8551431A5410032D2A0 /* IdeaTableViewController.m */ = {isa = PBXFileReference; lastKnownFileType = sourcecode.c.objc; path = IdeaTableViewController.m; sourceTree = "<group>"; };
		E1F4F8581431A5410032D2A0 /* en */ = {isa = PBXFileReference; lastKnownFileType = file.xib; name = en; path = en.lproj/IdeaTableViewController.xib; sourceTree = "<group>"; };
		E1F4F8611431A5700032D2A0 /* en */ = {isa = PBXFileReference; lastKnownFileType = file.xib; name = en; path = "iPad/en.lproj/MainWindow-iPad.xib"; sourceTree = "<group>"; };
		E1F4F8631431AB630032D2A0 /* CreateTableViewController.h */ = {isa = PBXFileReference; fileEncoding = 4; lastKnownFileType = sourcecode.c.h; path = CreateTableViewController.h; sourceTree = "<group>"; };
		E1F4F8641431AB630032D2A0 /* CreateTableViewController.m */ = {isa = PBXFileReference; fileEncoding = 4; lastKnownFileType = sourcecode.c.objc; path = CreateTableViewController.m; sourceTree = "<group>"; };
		E1F4F8661431BCE40032D2A0 /* WaitingRoomViewController.h */ = {isa = PBXFileReference; fileEncoding = 4; lastKnownFileType = sourcecode.c.h; path = WaitingRoomViewController.h; sourceTree = "<group>"; };
		E1F4F8671431BCE40032D2A0 /* WaitingRoomViewController.m */ = {isa = PBXFileReference; fileEncoding = 4; lastKnownFileType = sourcecode.c.objc; path = WaitingRoomViewController.m; sourceTree = "<group>"; };
		E1F4F86D1431D8770032D2A0 /* UserInfo.h */ = {isa = PBXFileReference; fileEncoding = 4; lastKnownFileType = sourcecode.c.h; path = UserInfo.h; sourceTree = "<group>"; };
		E1F4F86E1431D8770032D2A0 /* UserInfo.m */ = {isa = PBXFileReference; fileEncoding = 4; lastKnownFileType = sourcecode.c.objc; path = UserInfo.m; sourceTree = "<group>"; };
		E1F4F8701431E9D40032D2A0 /* ServerObject.h */ = {isa = PBXFileReference; fileEncoding = 4; lastKnownFileType = sourcecode.c.h; path = ServerObject.h; sourceTree = "<group>"; };
		E1F4F8711431E9D40032D2A0 /* ServerObject.m */ = {isa = PBXFileReference; fileEncoding = 4; lastKnownFileType = sourcecode.c.objc; path = ServerObject.m; sourceTree = "<group>"; };
/* End PBXFileReference section */

/* Begin PBXFrameworksBuildPhase section */
		E1F4F8381431A5410032D2A0 /* Frameworks */ = {
			isa = PBXFrameworksBuildPhase;
			buildActionMask = 2147483647;
			files = (
				E15150F614502E1C00B36295 /* OpenGLES.framework in Frameworks */,
				E15150F414502DFA00B36295 /* QuartzCore.framework in Frameworks */,
				E1F4F8401431A5410032D2A0 /* UIKit.framework in Frameworks */,
				E1F4F8421431A5410032D2A0 /* Foundation.framework in Frameworks */,
				E1F4F8441431A5410032D2A0 /* CoreGraphics.framework in Frameworks */,
				E1728D8C145025A000A6FD6C /* FastPdfKit.framework in Frameworks */,
			);
			runOnlyForDeploymentPostprocessing = 0;
		};
/* End PBXFrameworksBuildPhase section */

/* Begin PBXGroup section */
		E13B4B63145D60BD00975702 /* Main */ = {
			isa = PBXGroup;
			children = (
				E1F4F84E1431A5410032D2A0 /* IdeaTableAppDelegate.h */,
				E1F4F84F1431A5410032D2A0 /* IdeaTableAppDelegate.m */,
				E1F4F8511431A5410032D2A0 /* MainWindow.xib */,
				E1F4F8541431A5410032D2A0 /* IdeaTableViewController.h */,
				E1F4F8551431A5410032D2A0 /* IdeaTableViewController.m */,
				E1F4F8571431A5410032D2A0 /* IdeaTableViewController.xib */,
			);
			name = Main;
			sourceTree = "<group>";
		};
		E13B4B65145D613F00975702 /* Entering */ = {
			isa = PBXGroup;
			children = (
				E1F4F8631431AB630032D2A0 /* CreateTableViewController.h */,
				E1F4F8641431AB630032D2A0 /* CreateTableViewController.m */,
				E1F4F8661431BCE40032D2A0 /* WaitingRoomViewController.h */,
				E1F4F8671431BCE40032D2A0 /* WaitingRoomViewController.m */,
				E1E64DFB1434C76000952186 /* JoinViewController.h */,
				E1E64DFC1434C76000952186 /* JoinViewController.m */,
				E1E64DFD1434C76000952186 /* JoinViewController.xib */,
				E169425C143C874C002B5029 /* PptFileSelectController.h */,
				E169425D143C874C002B5029 /* PptFileSelectController.m */,
			);
			name = Entering;
			sourceTree = "<group>";
		};
		E13B4B66145D616C00975702 /* DataStructure */ = {
			isa = PBXGroup;
			children = (
				E1F4F86D1431D8770032D2A0 /* UserInfo.h */,
				E1F4F86E1431D8770032D2A0 /* UserInfo.m */,
				E16942981442AAED002B5029 /* TableInfo.h */,
				E16942991442AAED002B5029 /* TableInfo.m */,
				E1AF96CC14542083008162AC /* DrawingData.h */,
				E1AF96CD14542083008162AC /* DrawingData.m */,
				E16942971442AA45002B5029 /* Network */,
			);
			name = DataStructure;
			sourceTree = "<group>";
		};
		E15150FA14505AEA00B36295 /* Images */ = {
			isa = PBXGroup;
			children = (
				E13B4B6B145D6DC000975702 /* 187-pencil.png */,
				E13B4B79145DA38D00975702 /* 54-lock.png */,
				E13B4B69145D6D4B00975702 /* 53-house.png */,
				E15150FB14505AF100B36295 /* Particle.png */,
			);
			path = Images;
			sourceTree = "<group>";
		};
		E16942971442AA45002B5029 /* Network */ = {
			isa = PBXGroup;
			children = (
				E1F4F8701431E9D40032D2A0 /* ServerObject.h */,
				E1F4F8711431E9D40032D2A0 /* ServerObject.m */,
				E12187F01434A67300F5156F /* ClientObject.h */,
				E12187F11434A67300F5156F /* ClientObject.m */,
			);
			name = Network;
			sourceTree = "<group>";
		};
		E1728D86145025A000A6FD6C /* FastPdfKit.embeddedframework */ = {
			isa = PBXGroup;
			children = (
				E1728D87145025A000A6FD6C /* FastPdfKit.framework */,
				E1728D88145025A000A6FD6C /* Resources */,
			);
			path = FastPdfKit.embeddedframework;
			sourceTree = "<group>";
		};
		E1728D88145025A000A6FD6C /* Resources */ = {
			isa = PBXGroup;
			children = (
				E1728D89145025A000A6FD6C /* FastPdfKitFramework.xcconfig */,
				E1728D8A145025A000A6FD6C /* FPKReaderBundle.bundle */,
				E1728D8B145025A000A6FD6C /* Snippets.txt */,
			);
			path = Resources;
			sourceTree = "<group>";
		};
		E1AF96D014543574008162AC /* Presentation */ = {
			isa = PBXGroup;
			children = (
				E1E64E1514355FDE00952186 /* PDFViewController.h */,
				E1E64E1614355FDF00952186 /* PDFViewController.m */,
				E1AF96D6145439B1008162AC /* PresentationController.h */,
				E1AF96D7145439B1008162AC /* PresentationController.m */,
				E15150EF14502C3600B36295 /* PaintingView.h */,
				E15150F014502C3600B36295 /* PaintingView.m */,
				E1AF96D114543632008162AC /* CreateMemoController.h */,
				E1AF96D214543632008162AC /* CreateMemoController.m */,
				E1AF96D314543632008162AC /* CreateMemoController.xib */,
			);
			name = Presentation;
			sourceTree = "<group>";
		};
		E1F4F8301431A5410032D2A0 = {
			isa = PBXGroup;
			children = (
				E15150F514502E1C00B36295 /* OpenGLES.framework */,
				E1F4F8451431A5410032D2A0 /* IdeaTable */,
				E1F4F83E1431A5410032D2A0 /* Frameworks */,
				E1F4F83C1431A5410032D2A0 /* Products */,
			);
			sourceTree = "<group>";
		};
		E1F4F83C1431A5410032D2A0 /* Products */ = {
			isa = PBXGroup;
			children = (
				E1F4F83B1431A5410032D2A0 /* IdeaTable.app */,
			);
			name = Products;
			sourceTree = "<group>";
		};
		E1F4F83E1431A5410032D2A0 /* Frameworks */ = {
			isa = PBXGroup;
			children = (
				E15150F314502DFA00B36295 /* QuartzCore.framework */,
				E1728D86145025A000A6FD6C /* FastPdfKit.embeddedframework */,
				E1F4F83F1431A5410032D2A0 /* UIKit.framework */,
				E1F4F8411431A5410032D2A0 /* Foundation.framework */,
				E1F4F8431431A5410032D2A0 /* CoreGraphics.framework */,
			);
			name = Frameworks;
			sourceTree = "<group>";
		};
		E1F4F8451431A5410032D2A0 /* IdeaTable */ = {
			isa = PBXGroup;
			children = (
				E13B4B66145D616C00975702 /* DataStructure */,
				E13B4B63145D60BD00975702 /* Main */,
				E13B4B65145D613F00975702 /* Entering */,
				E1AF96D014543574008162AC /* Presentation */,
				E15150FA14505AEA00B36295 /* Images */,
				E1F4F85F1431A56F0032D2A0 /* iPad */,
				E1F4F8461431A5410032D2A0 /* Supporting Files */,
				E1694259143C8739002B5029 /* OptionMenuViewController.h */,
				E169425A143C8739002B5029 /* OptionMenuViewController.m */,
				E1694287144190F3002B5029 /* ClearTableViewController.h */,
				E1694288144190F3002B5029 /* ClearTableViewController.m */,
			);
			path = IdeaTable;
			sourceTree = "<group>";
		};
		E1F4F8461431A5410032D2A0 /* Supporting Files */ = {
			isa = PBXGroup;
			children = (
				E1E64E381435672E00952186 /* Manual.pdf */,
				E1F4F8471431A5410032D2A0 /* IdeaTable-Info.plist */,
				E1F4F8481431A5410032D2A0 /* InfoPlist.strings */,
				E1F4F84B1431A5410032D2A0 /* main.m */,
				E1F4F84D1431A5410032D2A0 /* IdeaTable-Prefix.pch */,
			);
			name = "Supporting Files";
			sourceTree = "<group>";
		};
		E1F4F85F1431A56F0032D2A0 /* iPad */ = {
			isa = PBXGroup;
			children = (
				E1F4F8601431A5700032D2A0 /* MainWindow-iPad.xib */,
			);
			name = iPad;
			sourceTree = "<group>";
		};
/* End PBXGroup section */

/* Begin PBXNativeTarget section */
		E1F4F83A1431A5410032D2A0 /* IdeaTable */ = {
			isa = PBXNativeTarget;
			buildConfigurationList = E1F4F85C1431A5410032D2A0 /* Build configuration list for PBXNativeTarget "IdeaTable" */;
			buildPhases = (
				E1F4F8371431A5410032D2A0 /* Sources */,
				E1F4F8381431A5410032D2A0 /* Frameworks */,
				E1F4F8391431A5410032D2A0 /* Resources */,
			);
			buildRules = (
			);
			dependencies = (
			);
			name = IdeaTable;
			productName = IdeaTable;
			productReference = E1F4F83B1431A5410032D2A0 /* IdeaTable.app */;
			productType = "com.apple.product-type.application";
		};
/* End PBXNativeTarget section */

/* Begin PBXProject section */
		E1F4F8321431A5410032D2A0 /* Project object */ = {
			isa = PBXProject;
			attributes = {
				LastUpgradeCheck = 0420;
				ORGANIZATIONNAME = O.o.Z;
			};
			buildConfigurationList = E1F4F8351431A5410032D2A0 /* Build configuration list for PBXProject "IdeaTable" */;
			compatibilityVersion = "Xcode 3.2";
			developmentRegion = English;
			hasScannedForEncodings = 0;
			knownRegions = (
				en,
			);
			mainGroup = E1F4F8301431A5410032D2A0;
			productRefGroup = E1F4F83C1431A5410032D2A0 /* Products */;
			projectDirPath = "";
			projectRoot = "";
			targets = (
				E1F4F83A1431A5410032D2A0 /* IdeaTable */,
			);
		};
/* End PBXProject section */

/* Begin PBXResourcesBuildPhase section */
		E1F4F8391431A5410032D2A0 /* Resources */ = {
			isa = PBXResourcesBuildPhase;
			buildActionMask = 2147483647;
			files = (
				E1F4F84A1431A5410032D2A0 /* InfoPlist.strings in Resources */,
				E1F4F8531431A5410032D2A0 /* MainWindow.xib in Resources */,
				E1F4F8591431A5410032D2A0 /* IdeaTableViewController.xib in Resources */,
				E1F4F8621431A5700032D2A0 /* MainWindow-iPad.xib in Resources */,
				E1E64DFF1434C76000952186 /* JoinViewController.xib in Resources */,
				E1E64E391435672E00952186 /* Manual.pdf in Resources */,
				E1728D8D145025A000A6FD6C /* FastPdfKitFramework.xcconfig in Resources */,
				E1728D8E145025A000A6FD6C /* FPKReaderBundle.bundle in Resources */,
				E1728D8F145025A000A6FD6C /* Snippets.txt in Resources */,
				E15150FC14505AF100B36295 /* Particle.png in Resources */,
				E1AF96D514543632008162AC /* CreateMemoController.xib in Resources */,
				E13B4B6A145D6D4B00975702 /* 53-house.png in Resources */,
				E13B4B6C145D6DC000975702 /* 187-pencil.png in Resources */,
				E13B4B7A145DA38D00975702 /* 54-lock.png in Resources */,
			);
			runOnlyForDeploymentPostprocessing = 0;
		};
/* End PBXResourcesBuildPhase section */

/* Begin PBXSourcesBuildPhase section */
		E1F4F8371431A5410032D2A0 /* Sources */ = {
			isa = PBXSourcesBuildPhase;
			buildActionMask = 2147483647;
			files = (
				E1F4F84C1431A5410032D2A0 /* main.m in Sources */,
				E1F4F8501431A5410032D2A0 /* IdeaTableAppDelegate.m in Sources */,
				E1F4F8561431A5410032D2A0 /* IdeaTableViewController.m in Sources */,
				E1F4F8651431AB630032D2A0 /* CreateTableViewController.m in Sources */,
				E1F4F8681431BCE40032D2A0 /* WaitingRoomViewController.m in Sources */,
				E1F4F86F1431D8770032D2A0 /* UserInfo.m in Sources */,
				E1F4F8721431E9D40032D2A0 /* ServerObject.m in Sources */,
				E12187F21434A67300F5156F /* ClientObject.m in Sources */,
				E1E64DFE1434C76000952186 /* JoinViewController.m in Sources */,
				E1E64E1714355FDF00952186 /* PDFViewController.m in Sources */,
				E169425B143C8739002B5029 /* OptionMenuViewController.m in Sources */,
				E169425E143C874C002B5029 /* PptFileSelectController.m in Sources */,
				E1694289144190F4002B5029 /* ClearTableViewController.m in Sources */,
				E169429A1442AAEE002B5029 /* TableInfo.m in Sources */,
				E15150F114502C3600B36295 /* PaintingView.m in Sources */,
				E1AF96CE14542083008162AC /* DrawingData.m in Sources */,
				E1AF96D414543632008162AC /* CreateMemoController.m in Sources */,
				E1AF96D8145439B1008162AC /* PresentationController.m in Sources */,
			);
			runOnlyForDeploymentPostprocessing = 0;
		};
/* End PBXSourcesBuildPhase section */

/* Begin PBXVariantGroup section */
		E1F4F8481431A5410032D2A0 /* InfoPlist.strings */ = {
			isa = PBXVariantGroup;
			children = (
				E1F4F8491431A5410032D2A0 /* en */,
			);
			name = InfoPlist.strings;
			sourceTree = "<group>";
		};
		E1F4F8511431A5410032D2A0 /* MainWindow.xib */ = {
			isa = PBXVariantGroup;
			children = (
				E1F4F8521431A5410032D2A0 /* en */,
			);
			name = MainWindow.xib;
			sourceTree = "<group>";
		};
		E1F4F8571431A5410032D2A0 /* IdeaTableViewController.xib */ = {
			isa = PBXVariantGroup;
			children = (
				E1F4F8581431A5410032D2A0 /* en */,
			);
			name = IdeaTableViewController.xib;
			sourceTree = "<group>";
		};
		E1F4F8601431A5700032D2A0 /* MainWindow-iPad.xib */ = {
			isa = PBXVariantGroup;
			children = (
				E1F4F8611431A5700032D2A0 /* en */,
			);
			name = "MainWindow-iPad.xib";
			sourceTree = "<group>";
		};
/* End PBXVariantGroup section */

/* Begin XCBuildConfiguration section */
		E1F4F85A1431A5410032D2A0 /* Debug */ = {
			isa = XCBuildConfiguration;
			buildSettings = {
				ALWAYS_SEARCH_USER_PATHS = NO;
				ARCHS = "$(ARCHS_UNIVERSAL_IPHONE_OS)";
				CODE_SIGN_IDENTITY = "iPhone Developer: Jeff Woo (72Q6UY22J7)";
				"CODE_SIGN_IDENTITY[sdk=iphoneos*]" = "iPhone Developer: Jeff Woo (72Q6UY22J7)";
				COPY_PHASE_STRIP = NO;
				GCC_C_LANGUAGE_STANDARD = gnu99;
				GCC_DYNAMIC_NO_PIC = NO;
				GCC_OPTIMIZATION_LEVEL = 0;
				GCC_PREPROCESSOR_DEFINITIONS = (
					"DEBUG=1",
					"$(inherited)",
				);
				GCC_SYMBOLS_PRIVATE_EXTERN = NO;
				GCC_VERSION = com.apple.compilers.llvmgcc42;
				GCC_WARN_ABOUT_MISSING_PROTOTYPES = NO;
				GCC_WARN_ABOUT_RETURN_TYPE = YES;
				GCC_WARN_UNUSED_VARIABLE = YES;
				IPHONEOS_DEPLOYMENT_TARGET = 4.3;
				PROVISIONING_PROFILE = "FA5DB032-3966-4A59-829F-48341253DDB4";
				"PROVISIONING_PROFILE[sdk=iphoneos*]" = "FA5DB032-3966-4A59-829F-48341253DDB4";
				SDKROOT = iphoneos;
				VALID_ARCHS = "armv7 armv6";
			};
			name = Debug;
		};
		E1F4F85B1431A5410032D2A0 /* Release */ = {
			isa = XCBuildConfiguration;
			buildSettings = {
				ALWAYS_SEARCH_USER_PATHS = NO;
				ARCHS = "$(ARCHS_UNIVERSAL_IPHONE_OS)";
				"CODE_SIGN_IDENTITY[sdk=iphoneos*]" = "iPhone Developer";
				COPY_PHASE_STRIP = YES;
				GCC_C_LANGUAGE_STANDARD = gnu99;
				GCC_VERSION = com.apple.compilers.llvmgcc42;
				GCC_WARN_ABOUT_MISSING_PROTOTYPES = NO;
				GCC_WARN_ABOUT_RETURN_TYPE = YES;
				GCC_WARN_UNUSED_VARIABLE = YES;
				IPHONEOS_DEPLOYMENT_TARGET = 4.3;
				OTHER_CFLAGS = "-DNS_BLOCK_ASSERTIONS=1";
				SDKROOT = iphoneos;
				VALIDATE_PRODUCT = YES;
				VALID_ARCHS = "armv7 armv6";
			};
			name = Release;
		};
		E1F4F85D1431A5410032D2A0 /* Debug */ = {
			isa = XCBuildConfiguration;
			baseConfigurationReference = E1728D89145025A000A6FD6C /* FastPdfKitFramework.xcconfig */;
			buildSettings = {
				ARCHS = "$(ARCHS_UNIVERSAL_IPHONE_OS)";
				CODE_SIGN_IDENTITY = "iPhone Developer: Jeff Woo (72Q6UY22J7)";
				"CODE_SIGN_IDENTITY[sdk=iphoneos*]" = "iPhone Developer: Jeff Woo (72Q6UY22J7)";
				FRAMEWORK_SEARCH_PATHS = (
					"$(inherited)",
					"\"$(SRCROOT)/FastPdfKit.embeddedframework\"",
				);
				GCC_PRECOMPILE_PREFIX_HEADER = YES;
				GCC_PREFIX_HEADER = "IdeaTable/IdeaTable-Prefix.pch";
				GCC_VERSION = com.apple.compilers.llvm.clang.1_0;
				INFOPLIST_FILE = "IdeaTable/IdeaTable-Info.plist";
				IPHONEOS_DEPLOYMENT_TARGET = 4.3;
				PRODUCT_NAME = "$(TARGET_NAME)";
				PROVISIONING_PROFILE = "FA5DB032-3966-4A59-829F-48341253DDB4";
				"PROVISIONING_PROFILE[sdk=iphoneos*]" = "FA5DB032-3966-4A59-829F-48341253DDB4";
				TARGETED_DEVICE_FAMILY = "1,2";
				VALID_ARCHS = "i386 armv7 armv6";
				WRAPPER_EXTENSION = app;
			};
			name = Debug;
		};
		E1F4F85E1431A5410032D2A0 /* Release */ = {
			isa = XCBuildConfiguration;
			baseConfigurationReference = E1728D89145025A000A6FD6C /* FastPdfKitFramework.xcconfig */;
			buildSettings = {
				ARCHS = "$(ARCHS_UNIVERSAL_IPHONE_OS)";
				FRAMEWORK_SEARCH_PATHS = (
					"$(inherited)",
					"\"$(SRCROOT)/FastPdfKit.embeddedframework\"",
				);
				GCC_PRECOMPILE_PREFIX_HEADER = YES;
				GCC_PREFIX_HEADER = "IdeaTable/IdeaTable-Prefix.pch";
				GCC_VERSION = com.apple.compilers.llvm.clang.1_0;
				INFOPLIST_FILE = "IdeaTable/IdeaTable-Info.plist";
				IPHONEOS_DEPLOYMENT_TARGET = 4.3;
				PRODUCT_NAME = "$(TARGET_NAME)";
				TARGETED_DEVICE_FAMILY = "1,2";
				VALID_ARCHS = "i386 armv7 armv6";
				WRAPPER_EXTENSION = app;
			};
			name = Release;
		};
/* End XCBuildConfiguration section */

/* Begin XCConfigurationList section */
		E1F4F8351431A5410032D2A0 /* Build configuration list for PBXProject "IdeaTable" */ = {
			isa = XCConfigurationList;
			buildConfigurations = (
				E1F4F85A1431A5410032D2A0 /* Debug */,
				E1F4F85B1431A5410032D2A0 /* Release */,
			);
			defaultConfigurationIsVisible = 0;
			defaultConfigurationName = Release;
		};
		E1F4F85C1431A5410032D2A0 /* Build configuration list for PBXNativeTarget "IdeaTable" */ = {
			isa = XCConfigurationList;
			buildConfigurations = (
				E1F4F85D1431A5410032D2A0 /* Debug */,
				E1F4F85E1431A5410032D2A0 /* Release */,
			);
			defaultConfigurationIsVisible = 0;
			defaultConfigurationName = Release;
		};
/* End XCConfigurationList section */
	};
	rootObject = E1F4F8321431A5410032D2A0 /* Project object */;
}
