// !$*UTF8*$!
{
	archiveVersion = 1;
	classes = {
	};
	objectVersion = 46;
	objects = {

/* Begin PBXBuildFile section */
		E106E5C21464185F00DA825B /* SavedTableListViewController.m in Sources */ = {isa = PBXBuildFile; fileRef = E106E5C11464185E00DA825B /* SavedTableListViewController.m */; };
		E106E5C51465105500DA825B /* SavedTableInfoViewController.m in Sources */ = {isa = PBXBuildFile; fileRef = E106E5C41465105500DA825B /* SavedTableInfoViewController.m */; };
		E106E5C81465319D00DA825B /* redBtn.png in Resources */ = {isa = PBXBuildFile; fileRef = E106E5C61465319D00DA825B /* redBtn.png */; };
		E106E5C91465319D00DA825B /* redBtn@2x.png in Resources */ = {isa = PBXBuildFile; fileRef = E106E5C71465319D00DA825B /* redBtn@2x.png */; };
		E10822B8147DCA34004AFF99 /* IdeaTableViewController-iPad.xib in Resources */ = {isa = PBXBuildFile; fileRef = E10822B7147DCA34004AFF99 /* IdeaTableViewController-iPad.xib */; };
		E10822BD147DCABA004AFF99 /* join_table_ipad.png in Resources */ = {isa = PBXBuildFile; fileRef = E10822B9147DCABA004AFF99 /* join_table_ipad.png */; };
		E10822BE147DCABA004AFF99 /* left_title_ipad.png in Resources */ = {isa = PBXBuildFile; fileRef = E10822BA147DCABA004AFF99 /* left_title_ipad.png */; };
		E10822BF147DCABA004AFF99 /* new_ipad.png in Resources */ = {isa = PBXBuildFile; fileRef = E10822BB147DCABA004AFF99 /* new_ipad.png */; };
		E10822C0147DCABA004AFF99 /* option_ipad.png in Resources */ = {isa = PBXBuildFile; fileRef = E10822BC147DCABA004AFF99 /* option_ipad.png */; };
		E12187F21434A67300F5156F /* ClientObject.m in Sources */ = {isa = PBXBuildFile; fileRef = E12187F11434A67300F5156F /* ClientObject.m */; };
		E121CD1B1469373D0053CEAC /* MemoData.m in Sources */ = {isa = PBXBuildFile; fileRef = E121CD1A1469373D0053CEAC /* MemoData.m */; };
		E121CD24146952710053CEAC /* Icon-72.png in Resources */ = {isa = PBXBuildFile; fileRef = E121CD1E146952710053CEAC /* Icon-72.png */; };
		E121CD25146952710053CEAC /* Icon-Small-50.png in Resources */ = {isa = PBXBuildFile; fileRef = E121CD1F146952710053CEAC /* Icon-Small-50.png */; };
		E121CD26146952710053CEAC /* Icon-Small.png in Resources */ = {isa = PBXBuildFile; fileRef = E121CD20146952710053CEAC /* Icon-Small.png */; };
		E121CD27146952710053CEAC /* Icon-Small@2x.png in Resources */ = {isa = PBXBuildFile; fileRef = E121CD21146952710053CEAC /* Icon-Small@2x.png */; };
		E121CD28146952710053CEAC /* Icon.png in Resources */ = {isa = PBXBuildFile; fileRef = E121CD22146952710053CEAC /* Icon.png */; };
		E121CD29146952710053CEAC /* Icon@2x.png in Resources */ = {isa = PBXBuildFile; fileRef = E121CD23146952710053CEAC /* Icon@2x.png */; };
		E13B4B6A145D6D4B00975702 /* 53-house.png in Resources */ = {isa = PBXBuildFile; fileRef = E13B4B69145D6D4B00975702 /* 53-house.png */; };
		E13B4B6C145D6DC000975702 /* 187-pencil.png in Resources */ = {isa = PBXBuildFile; fileRef = E13B4B6B145D6DC000975702 /* 187-pencil.png */; };
		E13B4B7A145DA38D00975702 /* 54-lock.png in Resources */ = {isa = PBXBuildFile; fileRef = E13B4B79145DA38D00975702 /* 54-lock.png */; };
		E15150F114502C3600B36295 /* PaintingView.m in Sources */ = {isa = PBXBuildFile; fileRef = E15150F014502C3600B36295 /* PaintingView.m */; };
		E15150F414502DFA00B36295 /* QuartzCore.framework in Frameworks */ = {isa = PBXBuildFile; fileRef = E15150F314502DFA00B36295 /* QuartzCore.framework */; };
		E15150F614502E1C00B36295 /* OpenGLES.framework in Frameworks */ = {isa = PBXBuildFile; fileRef = E15150F514502E1C00B36295 /* OpenGLES.framework */; };
		E15150FC14505AF100B36295 /* Particle.png in Resources */ = {isa = PBXBuildFile; fileRef = E15150FB14505AF100B36295 /* Particle.png */; };
		E162CA7D14658EAC00DAA75B /* SavedPresentationController.m in Sources */ = {isa = PBXBuildFile; fileRef = E162CA7C14658EAC00DAA75B /* SavedPresentationController.m */; };
		E169425B143C8739002B5029 /* OptionMenuViewController.m in Sources */ = {isa = PBXBuildFile; fileRef = E169425A143C8739002B5029 /* OptionMenuViewController.m */; };
		E169425E143C874C002B5029 /* PptFileSelectController.m in Sources */ = {isa = PBXBuildFile; fileRef = E169425D143C874C002B5029 /* PptFileSelectController.m */; };
		E1694289144190F4002B5029 /* ClearTableViewController.m in Sources */ = {isa = PBXBuildFile; fileRef = E1694288144190F3002B5029 /* ClearTableViewController.m */; };
		E169429A1442AAEE002B5029 /* TableInfo.m in Sources */ = {isa = PBXBuildFile; fileRef = E16942991442AAED002B5029 /* TableInfo.m */; };
		E1728D8C145025A000A6FD6C /* FastPdfKit.framework in Frameworks */ = {isa = PBXBuildFile; fileRef = E1728D87145025A000A6FD6C /* FastPdfKit.framework */; };
		E1728D8D145025A000A6FD6C /* FastPdfKitFramework.xcconfig in Resources */ = {isa = PBXBuildFile; fileRef = E1728D89145025A000A6FD6C /* FastPdfKitFramework.xcconfig */; };
		E1728D8E145025A000A6FD6C /* FPKReaderBundle.bundle in Resources */ = {isa = PBXBuildFile; fileRef = E1728D8A145025A000A6FD6C /* FPKReaderBundle.bundle */; };
		E1728D8F145025A000A6FD6C /* Snippets.txt in Resources */ = {isa = PBXBuildFile; fileRef = E1728D8B145025A000A6FD6C /* Snippets.txt */; };
		E1A7B91714617A3600C562B9 /* 01-refresh.png in Resources */ = {isa = PBXBuildFile; fileRef = E1A7B91614617A3600C562B9 /* 01-refresh.png */; };
		E1A7B91A14617D4D00C562B9 /* 98-palette.png in Resources */ = {isa = PBXBuildFile; fileRef = E1A7B91914617D4D00C562B9 /* 98-palette.png */; };
		E1AF96CE14542083008162AC /* DrawingData.m in Sources */ = {isa = PBXBuildFile; fileRef = E1AF96CD14542083008162AC /* DrawingData.m */; };
		E1AF96D414543632008162AC /* CreateMemoController.m in Sources */ = {isa = PBXBuildFile; fileRef = E1AF96D214543632008162AC /* CreateMemoController.m */; };
		E1AF96D514543632008162AC /* CreateMemoController.xib in Resources */ = {isa = PBXBuildFile; fileRef = E1AF96D314543632008162AC /* CreateMemoController.xib */; };
		E1AF96D8145439B1008162AC /* PresentationController.m in Sources */ = {isa = PBXBuildFile; fileRef = E1AF96D7145439B1008162AC /* PresentationController.m */; };
		E1D25AEA146B99BF0044033F /* MemoOverlayView.m in Sources */ = {isa = PBXBuildFile; fileRef = E1D25AE9146B99BF0044033F /* MemoOverlayView.m */; };
		E1D7281A147E28E400A77DFA /* UIKit.framework in Frameworks */ = {isa = PBXBuildFile; fileRef = E1D72819147E28E400A77DFA /* UIKit.framework */; };
		E1E4FEF9146911E800680778 /* MemoViewController.m in Sources */ = {isa = PBXBuildFile; fileRef = E1E4FEF7146911E700680778 /* MemoViewController.m */; };
		E1E4FEFA146911E800680778 /* MemoViewController.xib in Resources */ = {isa = PBXBuildFile; fileRef = E1E4FEF8146911E700680778 /* MemoViewController.xib */; };
		E1E4FF0C1469175D00680778 /* unlock.png in Resources */ = {isa = PBXBuildFile; fileRef = E1E4FF0B1469175D00680778 /* unlock.png */; };
		E1E64DFE1434C76000952186 /* JoinViewController.m in Sources */ = {isa = PBXBuildFile; fileRef = E1E64DFC1434C76000952186 /* JoinViewController.m */; };
		E1E64DFF1434C76000952186 /* JoinViewController.xib in Resources */ = {isa = PBXBuildFile; fileRef = E1E64DFD1434C76000952186 /* JoinViewController.xib */; };
		E1E64E1714355FDF00952186 /* PDFViewController.m in Sources */ = {isa = PBXBuildFile; fileRef = E1E64E1614355FDF00952186 /* PDFViewController.m */; };
		E1E64E391435672E00952186 /* Manual.pdf in Resources */ = {isa = PBXBuildFile; fileRef = E1E64E381435672E00952186 /* Manual.pdf */; };
		E1EA3D641462B3B50041A9A1 /* eraser.png in Resources */ = {isa = PBXBuildFile; fileRef = E1EA3D631462B3B50041A9A1 /* eraser.png */; };
		E1EA3D6C1462C2010041A9A1 /* AudioRecordController.m in Sources */ = {isa = PBXBuildFile; fileRef = E1EA3D6B1462C2010041A9A1 /* AudioRecordController.m */; };
		E1EA3D6E1462C3B00041A9A1 /* AVFoundation.framework in Frameworks */ = {isa = PBXBuildFile; fileRef = E1EA3D6D1462C3B00041A9A1 /* AVFoundation.framework */; };
		E1EA3D701462D3D60041A9A1 /* eraser_alpha.png in Resources */ = {isa = PBXBuildFile; fileRef = E1EA3D6F1462D3D60041A9A1 /* eraser_alpha.png */; };
		E1F4F8421431A5410032D2A0 /* Foundation.framework in Frameworks */ = {isa = PBXBuildFile; fileRef = E1F4F8411431A5410032D2A0 /* Foundation.framework */; };
		E1F4F8441431A5410032D2A0 /* CoreGraphics.framework in Frameworks */ = {isa = PBXBuildFile; fileRef = E1F4F8431431A5410032D2A0 /* CoreGraphics.framework */; };
		E1F4F84A1431A5410032D2A0 /* InfoPlist.strings in Resources */ = {isa = PBXBuildFile; fileRef = E1F4F8481431A5410032D2A0 /* InfoPlist.strings */; };
		E1F4F84C1431A5410032D2A0 /* main.m in Sources */ = {isa = PBXBuildFile; fileRef = E1F4F84B1431A5410032D2A0 /* main.m */; };
		E1F4F8501431A5410032D2A0 /* IdeaTableAppDelegate.m in Sources */ = {isa = PBXBuildFile; fileRef = E1F4F84F1431A5410032D2A0 /* IdeaTableAppDelegate.m */; };
		E1F4F8531431A5410032D2A0 /* MainWindow.xib in Resources */ = {isa = PBXBuildFile; fileRef = E1F4F8511431A5410032D2A0 /* MainWindow.xib */; };
		E1F4F8561431A5410032D2A0 /* IdeaTableViewController.m in Sources */ = {isa = PBXBuildFile; fileRef = E1F4F8551431A5410032D2A0 /* IdeaTableViewController.m */; };
		E1F4F8591431A5410032D2A0 /* IdeaTableViewController.xib in Resources */ = {isa = PBXBuildFile; fileRef = E1F4F8571431A5410032D2A0 /* IdeaTableViewController.xib */; };
		E1F4F8621431A5700032D2A0 /* MainWindow-iPad.xib in Resources */ = {isa = PBXBuildFile; fileRef = E1F4F8601431A5700032D2A0 /* MainWindow-iPad.xib */; };
		E1F4F8651431AB630032D2A0 /* CreateTableViewController.m in Sources */ = {isa = PBXBuildFile; fileRef = E1F4F8641431AB630032D2A0 /* CreateTableViewController.m */; };
		E1F4F8681431BCE40032D2A0 /* WaitingRoomViewController.m in Sources */ = {isa = PBXBuildFile; fileRef = E1F4F8671431BCE40032D2A0 /* WaitingRoomViewController.m */; };
		E1F4F86F1431D8770032D2A0 /* UserInfo.m in Sources */ = {isa = PBXBuildFile; fileRef = E1F4F86E1431D8770032D2A0 /* UserInfo.m */; };
		E1F4F8721431E9D40032D2A0 /* ServerObject.m in Sources */ = {isa = PBXBuildFile; fileRef = E1F4F8711431E9D40032D2A0 /* ServerObject.m */; };
		E1F866DB147B2111009C6A73 /* Astral.Memo_icon.png in Resources */ = {isa = PBXBuildFile; fileRef = E1F866DA147B2111009C6A73 /* Astral.Memo_icon.png */; };
		E1FD55071475548500DF1EE7 /* join_table.png in Resources */ = {isa = PBXBuildFile; fileRef = E1FD54FF1475547800DF1EE7 /* join_table.png */; };
		E1FD55081475548500DF1EE7 /* join_table@2x.png in Resources */ = {isa = PBXBuildFile; fileRef = E1FD55001475547900DF1EE7 /* join_table@2x.png */; };
		E1FD55091475548500DF1EE7 /* left_title.png in Resources */ = {isa = PBXBuildFile; fileRef = E1FD55011475547B00DF1EE7 /* left_title.png */; };
		E1FD550A1475548500DF1EE7 /* left_title@2x.png in Resources */ = {isa = PBXBuildFile; fileRef = E1FD55021475547C00DF1EE7 /* left_title@2x.png */; };
		E1FD550B1475548500DF1EE7 /* new.png in Resources */ = {isa = PBXBuildFile; fileRef = E1FD55031475547D00DF1EE7 /* new.png */; };
		E1FD550C1475548500DF1EE7 /* new@2x.png in Resources */ = {isa = PBXBuildFile; fileRef = E1FD55041475547E00DF1EE7 /* new@2x.png */; };
		E1FD550D1475548500DF1EE7 /* Option.png in Resources */ = {isa = PBXBuildFile; fileRef = E1FD55051475548000DF1EE7 /* Option.png */; };
		E1FD550E1475548500DF1EE7 /* Option@2x.png in Resources */ = {isa = PBXBuildFile; fileRef = E1FD55061475548100DF1EE7 /* Option@2x.png */; };
/* End PBXBuildFile section */

/* Begin PBXFileReference section */
		E106E5C01464185E00DA825B /* SavedTableListViewController.h */ = {isa = PBXFileReference; fileEncoding = 4; lastKnownFileType = sourcecode.c.h; path = SavedTableListViewController.h; sourceTree = "<group>"; };
		E106E5C11464185E00DA825B /* SavedTableListViewController.m */ = {isa = PBXFileReference; fileEncoding = 4; lastKnownFileType = sourcecode.c.objc; path = SavedTableListViewController.m; sourceTree = "<group>"; };
		E106E5C31465105400DA825B /* SavedTableInfoViewController.h */ = {isa = PBXFileReference; fileEncoding = 4; lastKnownFileType = sourcecode.c.h; path = SavedTableInfoViewController.h; sourceTree = "<group>"; };
		E106E5C41465105500DA825B /* SavedTableInfoViewController.m */ = {isa = PBXFileReference; fileEncoding = 4; lastKnownFileType = sourcecode.c.objc; path = SavedTableInfoViewController.m; sourceTree = "<group>"; };
		E106E5C61465319D00DA825B /* redBtn.png */ = {isa = PBXFileReference; lastKnownFileType = image.png; path = redBtn.png; sourceTree = "<group>"; };
		E106E5C71465319D00DA825B /* redBtn@2x.png */ = {isa = PBXFileReference; lastKnownFileType = image.png; path = "redBtn@2x.png"; sourceTree = "<group>"; };
		E10822B7147DCA34004AFF99 /* IdeaTableViewController-iPad.xib */ = {isa = PBXFileReference; fileEncoding = 4; lastKnownFileType = file.xib; path = "IdeaTableViewController-iPad.xib"; sourceTree = "<group>"; };
		E10822B9147DCABA004AFF99 /* join_table_ipad.png */ = {isa = PBXFileReference; lastKnownFileType = image.png; path = join_table_ipad.png; sourceTree = "<group>"; };
		E10822BA147DCABA004AFF99 /* left_title_ipad.png */ = {isa = PBXFileReference; lastKnownFileType = image.png; path = left_title_ipad.png; sourceTree = "<group>"; };
		E10822BB147DCABA004AFF99 /* new_ipad.png */ = {isa = PBXFileReference; lastKnownFileType = image.png; path = new_ipad.png; sourceTree = "<group>"; };
		E10822BC147DCABA004AFF99 /* option_ipad.png */ = {isa = PBXFileReference; lastKnownFileType = image.png; path = option_ipad.png; sourceTree = "<group>"; };
		E12187F01434A67300F5156F /* ClientObject.h */ = {isa = PBXFileReference; fileEncoding = 4; lastKnownFileType = sourcecode.c.h; path = ClientObject.h; sourceTree = "<group>"; };
		E12187F11434A67300F5156F /* ClientObject.m */ = {isa = PBXFileReference; fileEncoding = 4; lastKnownFileType = sourcecode.c.objc; path = ClientObject.m; sourceTree = "<group>"; };
		E121CD191469373D0053CEAC /* MemoData.h */ = {isa = PBXFileReference; fileEncoding = 4; lastKnownFileType = sourcecode.c.h; path = MemoData.h; sourceTree = "<group>"; };
		E121CD1A1469373D0053CEAC /* MemoData.m */ = {isa = PBXFileReference; fileEncoding = 4; lastKnownFileType = sourcecode.c.objc; path = MemoData.m; sourceTree = "<group>"; };
		E121CD1E146952710053CEAC /* Icon-72.png */ = {isa = PBXFileReference; lastKnownFileType = image.png; path = "Icon-72.png"; sourceTree = "<group>"; };
		E121CD1F146952710053CEAC /* Icon-Small-50.png */ = {isa = PBXFileReference; lastKnownFileType = image.png; path = "Icon-Small-50.png"; sourceTree = "<group>"; };
		E121CD20146952710053CEAC /* Icon-Small.png */ = {isa = PBXFileReference; lastKnownFileType = image.png; path = "Icon-Small.png"; sourceTree = "<group>"; };
		E121CD21146952710053CEAC /* Icon-Small@2x.png */ = {isa = PBXFileReference; lastKnownFileType = image.png; path = "Icon-Small@2x.png"; sourceTree = "<group>"; };
		E121CD22146952710053CEAC /* Icon.png */ = {isa = PBXFileReference; lastKnownFileType = image.png; path = Icon.png; sourceTree = "<group>"; };
		E121CD23146952710053CEAC /* Icon@2x.png */ = {isa = PBXFileReference; lastKnownFileType = image.png; path = "Icon@2x.png"; sourceTree = "<group>"; };
		E13B4B69145D6D4B00975702 /* 53-house.png */ = {isa = PBXFileReference; lastKnownFileType = image.png; path = "53-house.png"; sourceTree = "<group>"; };
		E13B4B6B145D6DC000975702 /* 187-pencil.png */ = {isa = PBXFileReference; lastKnownFileType = image.png; path = "187-pencil.png"; sourceTree = "<group>"; };
		E13B4B79145DA38D00975702 /* 54-lock.png */ = {isa = PBXFileReference; lastKnownFileType = image.png; path = "54-lock.png"; sourceTree = "<group>"; };
		E15150EF14502C3600B36295 /* PaintingView.h */ = {isa = PBXFileReference; fileEncoding = 4; lastKnownFileType = sourcecode.c.h; path = PaintingView.h; sourceTree = "<group>"; };
		E15150F014502C3600B36295 /* PaintingView.m */ = {isa = PBXFileReference; fileEncoding = 4; lastKnownFileType = sourcecode.c.objc; path = PaintingView.m; sourceTree = "<group>"; };
		E15150F314502DFA00B36295 /* QuartzCore.framework */ = {isa = PBXFileReference; lastKnownFileType = wrapper.framework; name = QuartzCore.framework; path = System/Library/Frameworks/QuartzCore.framework; sourceTree = SDKROOT; };
		E15150F514502E1C00B36295 /* OpenGLES.framework */ = {isa = PBXFileReference; lastKnownFileType = wrapper.framework; name = OpenGLES.framework; path = System/Library/Frameworks/OpenGLES.framework; sourceTree = SDKROOT; };
		E15150FB14505AF100B36295 /* Particle.png */ = {isa = PBXFileReference; lastKnownFileType = image.png; path = Particle.png; sourceTree = "<group>"; };
		E162CA7B14658EAC00DAA75B /* SavedPresentationController.h */ = {isa = PBXFileReference; fileEncoding = 4; lastKnownFileType = sourcecode.c.h; path = SavedPresentationController.h; sourceTree = "<group>"; };
		E162CA7C14658EAC00DAA75B /* SavedPresentationController.m */ = {isa = PBXFileReference; fileEncoding = 4; lastKnownFileType = sourcecode.c.objc; path = SavedPresentationController.m; sourceTree = "<group>"; };
		E1694259143C8739002B5029 /* OptionMenuViewController.h */ = {isa = PBXFileReference; fileEncoding = 4; lastKnownFileType = sourcecode.c.h; path = OptionMenuViewController.h; sourceTree = "<group>"; };
		E169425A143C8739002B5029 /* OptionMenuViewController.m */ = {isa = PBXFileReference; fileEncoding = 4; lastKnownFileType = sourcecode.c.objc; path = OptionMenuViewController.m; sourceTree = "<group>"; };
		E169425C143C874C002B5029 /* PptFileSelectController.h */ = {isa = PBXFileReference; fileEncoding = 4; lastKnownFileType = sourcecode.c.h; path = PptFileSelectController.h; sourceTree = "<group>"; };
		E169425D143C874C002B5029 /* PptFileSelectController.m */ = {isa = PBXFileReference; fileEncoding = 4; lastKnownFileType = sourcecode.c.objc; path = PptFileSelectController.m; sourceTree = "<group>"; };
		E1694287144190F3002B5029 /* ClearTableViewController.h */ = {isa = PBXFileReference; fileEncoding = 4; lastKnownFileType = sourcecode.c.h; path = ClearTableViewController.h; sourceTree = "<group>"; };
		E1694288144190F3002B5029 /* ClearTableViewController.m */ = {isa = PBXFileReference; fileEncoding = 4; lastKnownFileType = sourcecode.c.objc; path = ClearTableViewController.m; sourceTree = "<group>"; };
		E16942981442AAED002B5029 /* TableInfo.h */ = {isa = PBXFileReference; fileEncoding = 4; lastKnownFileType = sourcecode.c.h; path = TableInfo.h; sourceTree = "<group>"; };
		E16942991442AAED002B5029 /* TableInfo.m */ = {isa = PBXFileReference; fileEncoding = 4; lastKnownFileType = sourcecode.c.objc; path = TableInfo.m; sourceTree = "<group>"; };
		E1728D87145025A000A6FD6C /* FastPdfKit.framework */ = {isa = PBXFileReference; lastKnownFileType = wrapper.framework; path = FastPdfKit.framework; sourceTree = "<group>"; };
		E1728D89145025A000A6FD6C /* FastPdfKitFramework.xcconfig */ = {isa = PBXFileReference; fileEncoding = 4; lastKnownFileType = text.xcconfig; path = FastPdfKitFramework.xcconfig; sourceTree = "<group>"; };
		E1728D8A145025A000A6FD6C /* FPKReaderBundle.bundle */ = {isa = PBXFileReference; lastKnownFileType = "wrapper.plug-in"; path = FPKReaderBundle.bundle; sourceTree = "<group>"; };
		E1728D8B145025A000A6FD6C /* Snippets.txt */ = {isa = PBXFileReference; fileEncoding = 4; lastKnownFileType = text; path = Snippets.txt; sourceTree = "<group>"; };
		E1A7B91614617A3600C562B9 /* 01-refresh.png */ = {isa = PBXFileReference; lastKnownFileType = image.png; path = "01-refresh.png"; sourceTree = "<group>"; };
		E1A7B91914617D4D00C562B9 /* 98-palette.png */ = {isa = PBXFileReference; lastKnownFileType = image.png; path = "98-palette.png"; sourceTree = "<group>"; };
		E1AF96CC14542083008162AC /* DrawingData.h */ = {isa = PBXFileReference; fileEncoding = 4; lastKnownFileType = sourcecode.c.h; path = DrawingData.h; sourceTree = "<group>"; };
		E1AF96CD14542083008162AC /* DrawingData.m */ = {isa = PBXFileReference; fileEncoding = 4; lastKnownFileType = sourcecode.c.objc; path = DrawingData.m; sourceTree = "<group>"; };
		E1AF96D114543632008162AC /* CreateMemoController.h */ = {isa = PBXFileReference; fileEncoding = 4; lastKnownFileType = sourcecode.c.h; path = CreateMemoController.h; sourceTree = "<group>"; };
		E1AF96D214543632008162AC /* CreateMemoController.m */ = {isa = PBXFileReference; fileEncoding = 4; lastKnownFileType = sourcecode.c.objc; path = CreateMemoController.m; sourceTree = "<group>"; };
		E1AF96D314543632008162AC /* CreateMemoController.xib */ = {isa = PBXFileReference; fileEncoding = 4; lastKnownFileType = file.xib; path = CreateMemoController.xib; sourceTree = "<group>"; };
		E1AF96D6145439B1008162AC /* PresentationController.h */ = {isa = PBXFileReference; fileEncoding = 4; lastKnownFileType = sourcecode.c.h; path = PresentationController.h; sourceTree = "<group>"; };
		E1AF96D7145439B1008162AC /* PresentationController.m */ = {isa = PBXFileReference; fileEncoding = 4; lastKnownFileType = sourcecode.c.objc; path = PresentationController.m; sourceTree = "<group>"; };
		E1D25AE8146B99BF0044033F /* MemoOverlayView.h */ = {isa = PBXFileReference; fileEncoding = 4; lastKnownFileType = sourcecode.c.h; path = MemoOverlayView.h; sourceTree = "<group>"; };
		E1D25AE9146B99BF0044033F /* MemoOverlayView.m */ = {isa = PBXFileReference; fileEncoding = 4; lastKnownFileType = sourcecode.c.objc; path = MemoOverlayView.m; sourceTree = "<group>"; };
		E1D72819147E28E400A77DFA /* UIKit.framework */ = {isa = PBXFileReference; lastKnownFileType = wrapper.framework; name = UIKit.framework; path = System/Library/Frameworks/UIKit.framework; sourceTree = SDKROOT; };
		E1E4FEF6146911E700680778 /* MemoViewController.h */ = {isa = PBXFileReference; fileEncoding = 4; lastKnownFileType = sourcecode.c.h; path = MemoViewController.h; sourceTree = "<group>"; };
		E1E4FEF7146911E700680778 /* MemoViewController.m */ = {isa = PBXFileReference; fileEncoding = 4; lastKnownFileType = sourcecode.c.objc; path = MemoViewController.m; sourceTree = "<group>"; };
		E1E4FEF8146911E700680778 /* MemoViewController.xib */ = {isa = PBXFileReference; fileEncoding = 4; lastKnownFileType = file.xib; path = MemoViewController.xib; sourceTree = "<group>"; };
		E1E4FF0B1469175D00680778 /* unlock.png */ = {isa = PBXFileReference; lastKnownFileType = image.png; path = unlock.png; sourceTree = "<group>"; };
		E1E64DFB1434C76000952186 /* JoinViewController.h */ = {isa = PBXFileReference; fileEncoding = 4; lastKnownFileType = sourcecode.c.h; name = JoinViewController.h; path = ../JoinViewController.h; sourceTree = "<group>"; };
		E1E64DFC1434C76000952186 /* JoinViewController.m */ = {isa = PBXFileReference; fileEncoding = 4; lastKnownFileType = sourcecode.c.objc; name = JoinViewController.m; path = ../JoinViewController.m; sourceTree = "<group>"; };
		E1E64DFD1434C76000952186 /* JoinViewController.xib */ = {isa = PBXFileReference; fileEncoding = 4; lastKnownFileType = file.xib; name = JoinViewController.xib; path = ../JoinViewController.xib; sourceTree = "<group>"; };
		E1E64E1514355FDE00952186 /* PDFViewController.h */ = {isa = PBXFileReference; fileEncoding = 4; lastKnownFileType = sourcecode.c.h; path = PDFViewController.h; sourceTree = "<group>"; };
		E1E64E1614355FDF00952186 /* PDFViewController.m */ = {isa = PBXFileReference; fileEncoding = 4; lastKnownFileType = sourcecode.c.objc; path = PDFViewController.m; sourceTree = "<group>"; };
		E1E64E381435672E00952186 /* Manual.pdf */ = {isa = PBXFileReference; lastKnownFileType = image.pdf; path = Manual.pdf; sourceTree = "<group>"; };
		E1EA3D631462B3B50041A9A1 /* eraser.png */ = {isa = PBXFileReference; lastKnownFileType = image.png; path = eraser.png; sourceTree = "<group>"; };
		E1EA3D6A1462C2010041A9A1 /* AudioRecordController.h */ = {isa = PBXFileReference; fileEncoding = 4; lastKnownFileType = sourcecode.c.h; path = AudioRecordController.h; sourceTree = "<group>"; };
		E1EA3D6B1462C2010041A9A1 /* AudioRecordController.m */ = {isa = PBXFileReference; fileEncoding = 4; lastKnownFileType = sourcecode.c.objc; path = AudioRecordController.m; sourceTree = "<group>"; };
		E1EA3D6D1462C3B00041A9A1 /* AVFoundation.framework */ = {isa = PBXFileReference; lastKnownFileType = wrapper.framework; name = AVFoundation.framework; path = System/Library/Frameworks/AVFoundation.framework; sourceTree = SDKROOT; };
		E1EA3D6F1462D3D60041A9A1 /* eraser_alpha.png */ = {isa = PBXFileReference; lastKnownFileType = image.png; path = eraser_alpha.png; sourceTree = "<group>"; };
		E1F4F83B1431A5410032D2A0 /* IdeaTable.app */ = {isa = PBXFileReference; explicitFileType = wrapper.application; includeInIndex = 0; path = IdeaTable.app; sourceTree = BUILT_PRODUCTS_DIR; };
		E1F4F8411431A5410032D2A0 /* Foundation.framework */ = {isa = PBXFileReference; lastKnownFileType = wrapper.framework; name = Foundation.framework; path = System/Library/Frameworks/Foundation.framework; sourceTree = SDKROOT; };
		E1F4F8431431A5410032D2A0 /* CoreGraphics.framework */ = {isa = PBXFileReference; lastKnownFileType = wrapper.framework; name = CoreGraphics.framework; path = System/Library/Frameworks/CoreGraphics.framework; sourceTree = SDKROOT; };
		E1F4F8471431A5410032D2A0 /* IdeaTable-Info.plist */ = {isa = PBXFileReference; lastKnownFileType = text.plist.xml; path = "IdeaTable-Info.plist"; sourceTree = "<group>"; };
		E1F4F8491431A5410032D2A0 /* en */ = {isa = PBXFileReference; lastKnownFileType = text.plist.strings; name = en; path = en.lproj/InfoPlist.strings; sourceTree = "<group>"; };
		E1F4F84B1431A5410032D2A0 /* main.m */ = {isa = PBXFileReference; lastKnownFileType = sourcecode.c.objc; path = main.m; sourceTree = "<group>"; };
		E1F4F84D1431A5410032D2A0 /* IdeaTable-Prefix.pch */ = {isa = PBXFileReference; lastKnownFileType = sourcecode.c.h; path = "IdeaTable-Prefix.pch"; sourceTree = "<group>"; };
		E1F4F84E1431A5410032D2A0 /* IdeaTableAppDelegate.h */ = {isa = PBXFileReference; lastKnownFileType = sourcecode.c.h; path = IdeaTableAppDelegate.h; sourceTree = "<group>"; };
		E1F4F84F1431A5410032D2A0 /* IdeaTableAppDelegate.m */ = {isa = PBXFileReference; lastKnownFileType = sourcecode.c.objc; path = IdeaTableAppDelegate.m; sourceTree = "<group>"; };
		E1F4F8521431A5410032D2A0 /* en */ = {isa = PBXFileReference; lastKnownFileType = file.xib; name = en; path = en.lproj/MainWindow.xib; sourceTree = "<group>"; };
		E1F4F8541431A5410032D2A0 /* IdeaTableViewController.h */ = {isa = PBXFileReference; lastKnownFileType = sourcecode.c.h; path = IdeaTableViewController.h; sourceTree = "<group>"; };
		E1F4F8551431A5410032D2A0 /* IdeaTableViewController.m */ = {isa = PBXFileReference; lastKnownFileType = sourcecode.c.objc; path = IdeaTableViewController.m; sourceTree = "<group>"; };
		E1F4F8581431A5410032D2A0 /* en */ = {isa = PBXFileReference; lastKnownFileType = file.xib; name = en; path = en.lproj/IdeaTableViewController.xib; sourceTree = "<group>"; };
		E1F4F8611431A5700032D2A0 /* en */ = {isa = PBXFileReference; lastKnownFileType = file.xib; name = en; path = "iPad/en.lproj/MainWindow-iPad.xib"; sourceTree = "<group>"; };
		E1F4F8631431AB630032D2A0 /* CreateTableViewController.h */ = {isa = PBXFileReference; fileEncoding = 4; lastKnownFileType = sourcecode.c.h; path = CreateTableViewController.h; sourceTree = "<group>"; };
		E1F4F8641431AB630032D2A0 /* CreateTableViewController.m */ = {isa = PBXFileReference; fileEncoding = 4; lastKnownFileType = sourcecode.c.objc; path = CreateTableViewController.m; sourceTree = "<group>"; };
		E1F4F8661431BCE40032D2A0 /* WaitingRoomViewController.h */ = {isa = PBXFileReference; fileEncoding = 4; lastKnownFileType = sourcecode.c.h; path = WaitingRoomViewController.h; sourceTree = "<group>"; };
		E1F4F8671431BCE40032D2A0 /* WaitingRoomViewController.m */ = {isa = PBXFileReference; fileEncoding = 4; lastKnownFileType = sourcecode.c.objc; path = WaitingRoomViewController.m; sourceTree = "<group>"; };
		E1F4F86D1431D8770032D2A0 /* UserInfo.h */ = {isa = PBXFileReference; fileEncoding = 4; lastKnownFileType = sourcecode.c.h; path = UserInfo.h; sourceTree = "<group>"; };
		E1F4F86E1431D8770032D2A0 /* UserInfo.m */ = {isa = PBXFileReference; fileEncoding = 4; lastKnownFileType = sourcecode.c.objc; path = UserInfo.m; sourceTree = "<group>"; };
		E1F4F8701431E9D40032D2A0 /* ServerObject.h */ = {isa = PBXFileReference; fileEncoding = 4; lastKnownFileType = sourcecode.c.h; path = ServerObject.h; sourceTree = "<group>"; };
		E1F4F8711431E9D40032D2A0 /* ServerObject.m */ = {isa = PBXFileReference; fileEncoding = 4; lastKnownFileType = sourcecode.c.objc; path = ServerObject.m; sourceTree = "<group>"; };
		E1F866DA147B2111009C6A73 /* Astral.Memo_icon.png */ = {isa = PBXFileReference; lastKnownFileType = image.png; path = Astral.Memo_icon.png; sourceTree = "<group>"; };
		E1FD54FF1475547800DF1EE7 /* join_table.png */ = {isa = PBXFileReference; lastKnownFileType = image.png; name = join_table.png; path = "무제 폴더/join_table.png"; sourceTree = "<group>"; };
		E1FD55001475547900DF1EE7 /* join_table@2x.png */ = {isa = PBXFileReference; lastKnownFileType = image.png; name = "join_table@2x.png"; path = "무제 폴더/join_table@2x.png"; sourceTree = "<group>"; };
		E1FD55011475547B00DF1EE7 /* left_title.png */ = {isa = PBXFileReference; lastKnownFileType = image.png; name = left_title.png; path = "무제 폴더/left_title.png"; sourceTree = "<group>"; };
		E1FD55021475547C00DF1EE7 /* left_title@2x.png */ = {isa = PBXFileReference; lastKnownFileType = image.png; name = "left_title@2x.png"; path = "무제 폴더/left_title@2x.png"; sourceTree = "<group>"; };
		E1FD55031475547D00DF1EE7 /* new.png */ = {isa = PBXFileReference; lastKnownFileType = image.png; name = new.png; path = "무제 폴더/new.png"; sourceTree = "<group>"; };
		E1FD55041475547E00DF1EE7 /* new@2x.png */ = {isa = PBXFileReference; lastKnownFileType = image.png; name = "new@2x.png"; path = "무제 폴더/new@2x.png"; sourceTree = "<group>"; };
		E1FD55051475548000DF1EE7 /* Option.png */ = {isa = PBXFileReference; lastKnownFileType = image.png; name = Option.png; path = "무제 폴더/Option.png"; sourceTree = "<group>"; };
		E1FD55061475548100DF1EE7 /* Option@2x.png */ = {isa = PBXFileReference; lastKnownFileType = image.png; name = "Option@2x.png"; path = "무제 폴더/Option@2x.png"; sourceTree = "<group>"; };
/* End PBXFileReference section */

/* Begin PBXFrameworksBuildPhase section */
		E1F4F8381431A5410032D2A0 /* Frameworks */ = {
			isa = PBXFrameworksBuildPhase;
			buildActionMask = 2147483647;
			files = (
				E1D7281A147E28E400A77DFA /* UIKit.framework in Frameworks */,
				E1EA3D6E1462C3B00041A9A1 /* AVFoundation.framework in Frameworks */,
				E15150F614502E1C00B36295 /* OpenGLES.framework in Frameworks */,
				E15150F414502DFA00B36295 /* QuartzCore.framework in Frameworks */,
				E1F4F8421431A5410032D2A0 /* Foundation.framework in Frameworks */,
				E1F4F8441431A5410032D2A0 /* CoreGraphics.framework in Frameworks */,
				E1728D8C145025A000A6FD6C /* FastPdfKit.framework in Frameworks */,
			);
			runOnlyForDeploymentPostprocessing = 0;
		};
/* End PBXFrameworksBuildPhase section */

/* Begin PBXGroup section */
		E121CD1D1469525E0053CEAC /* icon */ = {
			isa = PBXGroup;
			children = (
				E121CD1E146952710053CEAC /* Icon-72.png */,
				E121CD1F146952710053CEAC /* Icon-Small-50.png */,
				E121CD20146952710053CEAC /* Icon-Small.png */,
				E121CD21146952710053CEAC /* Icon-Small@2x.png */,
				E121CD22146952710053CEAC /* Icon.png */,
				E121CD23146952710053CEAC /* Icon@2x.png */,
			);
			name = icon;
			sourceTree = "<group>";
		};
		E13B4B63145D60BD00975702 /* Main */ = {
			isa = PBXGroup;
			children = (
				E1F4F84E1431A5410032D2A0 /* IdeaTableAppDelegate.h */,
				E1F4F84F1431A5410032D2A0 /* IdeaTableAppDelegate.m */,
				E1F4F8511431A5410032D2A0 /* MainWindow.xib */,
				E1F4F8601431A5700032D2A0 /* MainWindow-iPad.xib */,
				E1F4F8541431A5410032D2A0 /* IdeaTableViewController.h */,
				E1F4F8551431A5410032D2A0 /* IdeaTableViewController.m */,
				E1F4F8571431A5410032D2A0 /* IdeaTableViewController.xib */,
				E10822B7147DCA34004AFF99 /* IdeaTableViewController-iPad.xib */,
				E1F4F85F1431A56F0032D2A0 /* iPad */,
			);
			name = Main;
			sourceTree = "<group>";
		};
		E13B4B65145D613F00975702 /* Entering */ = {
			isa = PBXGroup;
			children = (
				E1F4F8631431AB630032D2A0 /* CreateTableViewController.h */,
				E1F4F8641431AB630032D2A0 /* CreateTableViewController.m */,
				E1F4F8661431BCE40032D2A0 /* WaitingRoomViewController.h */,
				E1F4F8671431BCE40032D2A0 /* WaitingRoomViewController.m */,
				E1E64DFB1434C76000952186 /* JoinViewController.h */,
				E1E64DFC1434C76000952186 /* JoinViewController.m */,
				E1E64DFD1434C76000952186 /* JoinViewController.xib */,
				E169425C143C874C002B5029 /* PptFileSelectController.h */,
				E169425D143C874C002B5029 /* PptFileSelectController.m */,
			);
			name = Entering;
			sourceTree = "<group>";
		};
		E13B4B66145D616C00975702 /* DataStructure */ = {
			isa = PBXGroup;
			children = (
				E1F4F86D1431D8770032D2A0 /* UserInfo.h */,
				E1F4F86E1431D8770032D2A0 /* UserInfo.m */,
				E16942981442AAED002B5029 /* TableInfo.h */,
				E16942991442AAED002B5029 /* TableInfo.m */,
				E1AF96CC14542083008162AC /* DrawingData.h */,
				E1AF96CD14542083008162AC /* DrawingData.m */,
				E16942971442AA45002B5029 /* Network */,
			);
			name = DataStructure;
			sourceTree = "<group>";
		};
		E15150FA14505AEA00B36295 /* Images */ = {
			isa = PBXGroup;
			children = (
				E1F866DA147B2111009C6A73 /* Astral.Memo_icon.png */,
				E1FD54FF1475547800DF1EE7 /* join_table.png */,
				E1FD55001475547900DF1EE7 /* join_table@2x.png */,
				E1FD55011475547B00DF1EE7 /* left_title.png */,
				E1FD55021475547C00DF1EE7 /* left_title@2x.png */,
				E1FD55031475547D00DF1EE7 /* new.png */,
				E1FD55041475547E00DF1EE7 /* new@2x.png */,
				E1FD55051475548000DF1EE7 /* Option.png */,
				E1FD55061475548100DF1EE7 /* Option@2x.png */,
				E10822B9147DCABA004AFF99 /* join_table_ipad.png */,
				E10822BA147DCABA004AFF99 /* left_title_ipad.png */,
				E10822BB147DCABA004AFF99 /* new_ipad.png */,
				E10822BC147DCABA004AFF99 /* option_ipad.png */,
				E121CD1D1469525E0053CEAC /* icon */,
				E1E4FF0B1469175D00680778 /* unlock.png */,
				E106E5C61465319D00DA825B /* redBtn.png */,
				E106E5C71465319D00DA825B /* redBtn@2x.png */,
				E1EA3D631462B3B50041A9A1 /* eraser.png */,
				E1EA3D6F1462D3D60041A9A1 /* eraser_alpha.png */,
				E1A7B91914617D4D00C562B9 /* 98-palette.png */,
				E1A7B91614617A3600C562B9 /* 01-refresh.png */,
				E13B4B6B145D6DC000975702 /* 187-pencil.png */,
				E13B4B79145DA38D00975702 /* 54-lock.png */,
				E13B4B69145D6D4B00975702 /* 53-house.png */,
				E15150FB14505AF100B36295 /* Particle.png */,
			);
			path = Images;
			sourceTree = "<group>";
		};
		E162CA7914658DE600DAA75B /* SavedTable */ = {
			isa = PBXGroup;
			children = (
				E106E5C01464185E00DA825B /* SavedTableListViewController.h */,
				E106E5C11464185E00DA825B /* SavedTableListViewController.m */,
				E106E5C31465105400DA825B /* SavedTableInfoViewController.h */,
				E106E5C41465105500DA825B /* SavedTableInfoViewController.m */,
				E162CA7B14658EAC00DAA75B /* SavedPresentationController.h */,
				E162CA7C14658EAC00DAA75B /* SavedPresentationController.m */,
			);
			name = SavedTable;
			sourceTree = "<group>";
		};
		E162CA7A14658E2500DAA75B /* Option */ = {
			isa = PBXGroup;
			children = (
				E1694259143C8739002B5029 /* OptionMenuViewController.h */,
				E169425A143C8739002B5029 /* OptionMenuViewController.m */,
				E162CA7914658DE600DAA75B /* SavedTable */,
			);
			name = Option;
			sourceTree = "<group>";
		};
		E16942971442AA45002B5029 /* Network */ = {
			isa = PBXGroup;
			children = (
				E1F4F8701431E9D40032D2A0 /* ServerObject.h */,
				E1F4F8711431E9D40032D2A0 /* ServerObject.m */,
				E12187F01434A67300F5156F /* ClientObject.h */,
				E12187F11434A67300F5156F /* ClientObject.m */,
			);
			name = Network;
			sourceTree = "<group>";
		};
		E1728D86145025A000A6FD6C /* FastPdfKit.embeddedframework */ = {
			isa = PBXGroup;
			children = (
				E1728D87145025A000A6FD6C /* FastPdfKit.framework */,
				E1728D88145025A000A6FD6C /* Resources */,
			);
			path = FastPdfKit.embeddedframework;
			sourceTree = "<group>";
		};
		E1728D88145025A000A6FD6C /* Resources */ = {
			isa = PBXGroup;
			children = (
				E1728D89145025A000A6FD6C /* FastPdfKitFramework.xcconfig */,
				E1728D8A145025A000A6FD6C /* FPKReaderBundle.bundle */,
				E1728D8B145025A000A6FD6C /* Snippets.txt */,
			);
			path = Resources;
			sourceTree = "<group>";
		};
		E1AF96D014543574008162AC /* Presentation */ = {
			isa = PBXGroup;
			children = (
				E1E64E1514355FDE00952186 /* PDFViewController.h */,
				E1E64E1614355FDF00952186 /* PDFViewController.m */,
				E1AF96D6145439B1008162AC /* PresentationController.h */,
				E1AF96D7145439B1008162AC /* PresentationController.m */,
				E15150EF14502C3600B36295 /* PaintingView.h */,
				E15150F014502C3600B36295 /* PaintingView.m */,
				E1EA3D6A1462C2010041A9A1 /* AudioRecordController.h */,
				E1EA3D6B1462C2010041A9A1 /* AudioRecordController.m */,
				E1694287144190F3002B5029 /* ClearTableViewController.h */,
				E1694288144190F3002B5029 /* ClearTableViewController.m */,
				E1E4FEF51469119300680778 /* Memo */,
			);
			name = Presentation;
			sourceTree = "<group>";
		};
		E1E4FEF51469119300680778 /* Memo */ = {
			isa = PBXGroup;
			children = (
				E121CD191469373D0053CEAC /* MemoData.h */,
				E121CD1A1469373D0053CEAC /* MemoData.m */,
				E1AF96D114543632008162AC /* CreateMemoController.h */,
				E1AF96D214543632008162AC /* CreateMemoController.m */,
				E1AF96D314543632008162AC /* CreateMemoController.xib */,
				E1E4FEF6146911E700680778 /* MemoViewController.h */,
				E1E4FEF7146911E700680778 /* MemoViewController.m */,
				E1E4FEF8146911E700680778 /* MemoViewController.xib */,
				E1D25AE8146B99BF0044033F /* MemoOverlayView.h */,
				E1D25AE9146B99BF0044033F /* MemoOverlayView.m */,
			);
			name = Memo;
			sourceTree = "<group>";
		};
		E1F4F8301431A5410032D2A0 = {
			isa = PBXGroup;
			children = (
				E1F4F8451431A5410032D2A0 /* IdeaTable */,
				E1F4F83E1431A5410032D2A0 /* Frameworks */,
				E1F4F83C1431A5410032D2A0 /* Products */,
			);
			sourceTree = "<group>";
		};
		E1F4F83C1431A5410032D2A0 /* Products */ = {
			isa = PBXGroup;
			children = (
				E1F4F83B1431A5410032D2A0 /* IdeaTable.app */,
			);
			name = Products;
			sourceTree = "<group>";
		};
		E1F4F83E1431A5410032D2A0 /* Frameworks */ = {
			isa = PBXGroup;
			children = (
				E1D72819147E28E400A77DFA /* UIKit.framework */,
				E1EA3D6D1462C3B00041A9A1 /* AVFoundation.framework */,
				E15150F514502E1C00B36295 /* OpenGLES.framework */,
				E15150F314502DFA00B36295 /* QuartzCore.framework */,
				E1728D86145025A000A6FD6C /* FastPdfKit.embeddedframework */,
				E1F4F8411431A5410032D2A0 /* Foundation.framework */,
				E1F4F8431431A5410032D2A0 /* CoreGraphics.framework */,
			);
			name = Frameworks;
			sourceTree = "<group>";
		};
		E1F4F8451431A5410032D2A0 /* IdeaTable */ = {
			isa = PBXGroup;
			children = (
				E13B4B66145D616C00975702 /* DataStructure */,
				E13B4B63145D60BD00975702 /* Main */,
				E13B4B65145D613F00975702 /* Entering */,
				E1AF96D014543574008162AC /* Presentation */,
				E162CA7A14658E2500DAA75B /* Option */,
				E1F4F8461431A5410032D2A0 /* Supporting Files */,
				E15150FA14505AEA00B36295 /* Images */,
			);
			path = IdeaTable;
			sourceTree = "<group>";
		};
		E1F4F8461431A5410032D2A0 /* Supporting Files */ = {
			isa = PBXGroup;
			children = (
				E1E64E381435672E00952186 /* Manual.pdf */,
				E1F4F8471431A5410032D2A0 /* IdeaTable-Info.plist */,
				E1F4F8481431A5410032D2A0 /* InfoPlist.strings */,
				E1F4F84B1431A5410032D2A0 /* main.m */,
				E1F4F84D1431A5410032D2A0 /* IdeaTable-Prefix.pch */,
			);
			name = "Supporting Files";
			sourceTree = "<group>";
		};
		E1F4F85F1431A56F0032D2A0 /* iPad */ = {
			isa = PBXGroup;
			children = (
			);
			name = iPad;
			sourceTree = "<group>";
		};
/* End PBXGroup section */

/* Begin PBXNativeTarget section */
		E1F4F83A1431A5410032D2A0 /* IdeaTable */ = {
			isa = PBXNativeTarget;
			buildConfigurationList = E1F4F85C1431A5410032D2A0 /* Build configuration list for PBXNativeTarget "IdeaTable" */;
			buildPhases = (
				E1F4F8371431A5410032D2A0 /* Sources */,
				E1F4F8381431A5410032D2A0 /* Frameworks */,
				E1F4F8391431A5410032D2A0 /* Resources */,
			);
			buildRules = (
			);
			dependencies = (
			);
			name = IdeaTable;
			productName = IdeaTable;
			productReference = E1F4F83B1431A5410032D2A0 /* IdeaTable.app */;
			productType = "com.apple.product-type.application";
		};
/* End PBXNativeTarget section */

/* Begin PBXProject section */
		E1F4F8321431A5410032D2A0 /* Project object */ = {
			isa = PBXProject;
			attributes = {
				LastUpgradeCheck = 0420;
				ORGANIZATIONNAME = O.o.Z;
			};
			buildConfigurationList = E1F4F8351431A5410032D2A0 /* Build configuration list for PBXProject "IdeaTable" */;
			compatibilityVersion = "Xcode 3.2";
			developmentRegion = English;
			hasScannedForEncodings = 0;
			knownRegions = (
				en,
			);
			mainGroup = E1F4F8301431A5410032D2A0;
			productRefGroup = E1F4F83C1431A5410032D2A0 /* Products */;
			projectDirPath = "";
			projectRoot = "";
			targets = (
				E1F4F83A1431A5410032D2A0 /* IdeaTable */,
			);
		};
/* End PBXProject section */

/* Begin PBXResourcesBuildPhase section */
		E1F4F8391431A5410032D2A0 /* Resources */ = {
			isa = PBXResourcesBuildPhase;
			buildActionMask = 2147483647;
			files = (
				E1F4F84A1431A5410032D2A0 /* InfoPlist.strings in Resources */,
				E1F4F8531431A5410032D2A0 /* MainWindow.xib in Resources */,
				E1F4F8591431A5410032D2A0 /* IdeaTableViewController.xib in Resources */,
				E1F4F8621431A5700032D2A0 /* MainWindow-iPad.xib in Resources */,
				E1E64DFF1434C76000952186 /* JoinViewController.xib in Resources */,
				E1E64E391435672E00952186 /* Manual.pdf in Resources */,
				E1728D8D145025A000A6FD6C /* FastPdfKitFramework.xcconfig in Resources */,
				E1728D8E145025A000A6FD6C /* FPKReaderBundle.bundle in Resources */,
				E1728D8F145025A000A6FD6C /* Snippets.txt in Resources */,
				E15150FC14505AF100B36295 /* Particle.png in Resources */,
				E1AF96D514543632008162AC /* CreateMemoController.xib in Resources */,
				E13B4B6A145D6D4B00975702 /* 53-house.png in Resources */,
				E13B4B6C145D6DC000975702 /* 187-pencil.png in Resources */,
				E13B4B7A145DA38D00975702 /* 54-lock.png in Resources */,
				E1A7B91714617A3600C562B9 /* 01-refresh.png in Resources */,
				E1A7B91A14617D4D00C562B9 /* 98-palette.png in Resources */,
				E1EA3D641462B3B50041A9A1 /* eraser.png in Resources */,
				E1EA3D701462D3D60041A9A1 /* eraser_alpha.png in Resources */,
				E106E5C81465319D00DA825B /* redBtn.png in Resources */,
				E106E5C91465319D00DA825B /* redBtn@2x.png in Resources */,
				E1E4FEFA146911E800680778 /* MemoViewController.xib in Resources */,
				E1E4FF0C1469175D00680778 /* unlock.png in Resources */,
				E121CD24146952710053CEAC /* Icon-72.png in Resources */,
				E121CD25146952710053CEAC /* Icon-Small-50.png in Resources */,
				E121CD26146952710053CEAC /* Icon-Small.png in Resources */,
				E121CD27146952710053CEAC /* Icon-Small@2x.png in Resources */,
				E121CD28146952710053CEAC /* Icon.png in Resources */,
				E121CD29146952710053CEAC /* Icon@2x.png in Resources */,
				E1FD55071475548500DF1EE7 /* join_table.png in Resources */,
				E1FD55081475548500DF1EE7 /* join_table@2x.png in Resources */,
				E1FD55091475548500DF1EE7 /* left_title.png in Resources */,
				E1FD550A1475548500DF1EE7 /* left_title@2x.png in Resources */,
				E1FD550B1475548500DF1EE7 /* new.png in Resources */,
				E1FD550C1475548500DF1EE7 /* new@2x.png in Resources */,
				E1FD550D1475548500DF1EE7 /* Option.png in Resources */,
				E1FD550E1475548500DF1EE7 /* Option@2x.png in Resources */,
				E1F866DB147B2111009C6A73 /* Astral.Memo_icon.png in Resources */,
				E10822B8147DCA34004AFF99 /* IdeaTableViewController-iPad.xib in Resources */,
				E10822BD147DCABA004AFF99 /* join_table_ipad.png in Resources */,
				E10822BE147DCABA004AFF99 /* left_title_ipad.png in Resources */,
				E10822BF147DCABA004AFF99 /* new_ipad.png in Resources */,
				E10822C0147DCABA004AFF99 /* option_ipad.png in Resources */,
			);
			runOnlyForDeploymentPostprocessing = 0;
		};
/* End PBXResourcesBuildPhase section */

/* Begin PBXSourcesBuildPhase section */
		E1F4F8371431A5410032D2A0 /* Sources */ = {
			isa = PBXSourcesBuildPhase;
			buildActionMask = 2147483647;
			files = (
				E1F4F84C1431A5410032D2A0 /* main.m in Sources */,
				E1F4F8501431A5410032D2A0 /* IdeaTableAppDelegate.m in Sources */,
				E1F4F8561431A5410032D2A0 /* IdeaTableViewController.m in Sources */,
				E1F4F8651431AB630032D2A0 /* CreateTableViewController.m in Sources */,
				E1F4F8681431BCE40032D2A0 /* WaitingRoomViewController.m in Sources */,
				E1F4F86F1431D8770032D2A0 /* UserInfo.m in Sources */,
				E1F4F8721431E9D40032D2A0 /* ServerObject.m in Sources */,
				E12187F21434A67300F5156F /* ClientObject.m in Sources */,
				E1E64DFE1434C76000952186 /* JoinViewController.m in Sources */,
				E1E64E1714355FDF00952186 /* PDFViewController.m in Sources */,
				E169425B143C8739002B5029 /* OptionMenuViewController.m in Sources */,
				E169425E143C874C002B5029 /* PptFileSelectController.m in Sources */,
				E1694289144190F4002B5029 /* ClearTableViewController.m in Sources */,
				E169429A1442AAEE002B5029 /* TableInfo.m in Sources */,
				E15150F114502C3600B36295 /* PaintingView.m in Sources */,
				E1AF96CE14542083008162AC /* DrawingData.m in Sources */,
				E1AF96D414543632008162AC /* CreateMemoController.m in Sources */,
				E1AF96D8145439B1008162AC /* PresentationController.m in Sources */,
				E1EA3D6C1462C2010041A9A1 /* AudioRecordController.m in Sources */,
				E106E5C21464185F00DA825B /* SavedTableListViewController.m in Sources */,
				E106E5C51465105500DA825B /* SavedTableInfoViewController.m in Sources */,
				E162CA7D14658EAC00DAA75B /* SavedPresentationController.m in Sources */,
				E1E4FEF9146911E800680778 /* MemoViewController.m in Sources */,
				E121CD1B1469373D0053CEAC /* MemoData.m in Sources */,
				E1D25AEA146B99BF0044033F /* MemoOverlayView.m in Sources */,
			);
			runOnlyForDeploymentPostprocessing = 0;
		};
/* End PBXSourcesBuildPhase section */

/* Begin PBXVariantGroup section */
		E1F4F8481431A5410032D2A0 /* InfoPlist.strings */ = {
			isa = PBXVariantGroup;
			children = (
				E1F4F8491431A5410032D2A0 /* en */,
			);
			name = InfoPlist.strings;
			sourceTree = "<group>";
		};
		E1F4F8511431A5410032D2A0 /* MainWindow.xib */ = {
			isa = PBXVariantGroup;
			children = (
				E1F4F8521431A5410032D2A0 /* en */,
			);
			name = MainWindow.xib;
			sourceTree = "<group>";
		};
		E1F4F8571431A5410032D2A0 /* IdeaTableViewController.xib */ = {
			isa = PBXVariantGroup;
			children = (
				E1F4F8581431A5410032D2A0 /* en */,
			);
			name = IdeaTableViewController.xib;
			sourceTree = "<group>";
		};
		E1F4F8601431A5700032D2A0 /* MainWindow-iPad.xib */ = {
			isa = PBXVariantGroup;
			children = (
				E1F4F8611431A5700032D2A0 /* en */,
			);
			name = "MainWindow-iPad.xib";
			sourceTree = "<group>";
		};
/* End PBXVariantGroup section */

/* Begin XCBuildConfiguration section */
		E1F4F85A1431A5410032D2A0 /* Debug */ = {
			isa = XCBuildConfiguration;
			buildSettings = {
				ALWAYS_SEARCH_USER_PATHS = NO;
				ARCHS = "$(ARCHS_UNIVERSAL_IPHONE_OS)";
				CODE_SIGN_IDENTITY = "iPhone Developer: Jeff Woo (72Q6UY22J7)";
				"CODE_SIGN_IDENTITY[sdk=iphoneos*]" = "iPhone Developer: Jeff Woo (72Q6UY22J7)";
				COPY_PHASE_STRIP = NO;
				GCC_C_LANGUAGE_STANDARD = gnu99;
				GCC_DYNAMIC_NO_PIC = NO;
				GCC_OPTIMIZATION_LEVEL = 0;
				GCC_PREPROCESSOR_DEFINITIONS = (
					"DEBUG=1",
					"$(inherited)",
				);
				GCC_SYMBOLS_PRIVATE_EXTERN = NO;
				GCC_VERSION = com.apple.compilers.llvmgcc42;
				GCC_WARN_ABOUT_MISSING_PROTOTYPES = NO;
				GCC_WARN_ABOUT_RETURN_TYPE = YES;
				GCC_WARN_UNUSED_VARIABLE = YES;
				IPHONEOS_DEPLOYMENT_TARGET = 4.3;
				PROVISIONING_PROFILE = "FA5DB032-3966-4A59-829F-48341253DDB4";
				"PROVISIONING_PROFILE[sdk=iphoneos*]" = "FA5DB032-3966-4A59-829F-48341253DDB4";
				SDKROOT = iphoneos;
				VALID_ARCHS = "armv7 armv6";
			};
			name = Debug;
		};
		E1F4F85B1431A5410032D2A0 /* Release */ = {
			isa = XCBuildConfiguration;
			buildSettings = {
				ALWAYS_SEARCH_USER_PATHS = NO;
				ARCHS = "$(ARCHS_UNIVERSAL_IPHONE_OS)";
				"CODE_SIGN_IDENTITY[sdk=iphoneos*]" = "iPhone Developer";
				COPY_PHASE_STRIP = YES;
				GCC_C_LANGUAGE_STANDARD = gnu99;
				GCC_VERSION = com.apple.compilers.llvmgcc42;
				GCC_WARN_ABOUT_MISSING_PROTOTYPES = NO;
				GCC_WARN_ABOUT_RETURN_TYPE = YES;
				GCC_WARN_UNUSED_VARIABLE = YES;
				IPHONEOS_DEPLOYMENT_TARGET = 4.3;
				OTHER_CFLAGS = "-DNS_BLOCK_ASSERTIONS=1";
				SDKROOT = iphoneos;
				VALIDATE_PRODUCT = YES;
				VALID_ARCHS = "armv7 armv6";
			};
			name = Release;
		};
		E1F4F85D1431A5410032D2A0 /* Debug */ = {
			isa = XCBuildConfiguration;
			baseConfigurationReference = E1728D89145025A000A6FD6C /* FastPdfKitFramework.xcconfig */;
			buildSettings = {
				ARCHS = "$(ARCHS_UNIVERSAL_IPHONE_OS)";
				CODE_SIGN_IDENTITY = "iPhone Developer: Jeff Woo (72Q6UY22J7)";
				"CODE_SIGN_IDENTITY[sdk=iphoneos*]" = "iPhone Developer: Jeff Woo (72Q6UY22J7)";
				FRAMEWORK_SEARCH_PATHS = (
					"$(inherited)",
					"\"$(SRCROOT)/FastPdfKit.embeddedframework\"",
				);
				GCC_PRECOMPILE_PREFIX_HEADER = YES;
				GCC_PREFIX_HEADER = "IdeaTable/IdeaTable-Prefix.pch";
				GCC_VERSION = com.apple.compilers.llvm.clang.1_0;
				INFOPLIST_FILE = "IdeaTable/IdeaTable-Info.plist";
				IPHONEOS_DEPLOYMENT_TARGET = 4.0;
				PRODUCT_NAME = "$(TARGET_NAME)";
				PROVISIONING_PROFILE = "775678CF-2CDA-4485-B04D-560AB05649A0";
				"PROVISIONING_PROFILE[sdk=iphoneos*]" = "775678CF-2CDA-4485-B04D-560AB05649A0";
				SDKROOT = iphoneos;
				TARGETED_DEVICE_FAMILY = "1,2";
				VALID_ARCHS = "i386 armv7 armv6";
				WRAPPER_EXTENSION = app;
			};
			name = Debug;
		};
		E1F4F85E1431A5410032D2A0 /* Release */ = {
			isa = XCBuildConfiguration;
			baseConfigurationReference = E1728D89145025A000A6FD6C /* FastPdfKitFramework.xcconfig */;
			buildSettings = {
				ARCHS = "$(ARCHS_UNIVERSAL_IPHONE_OS)";
				FRAMEWORK_SEARCH_PATHS = (
					"$(inherited)",
					"\"$(SRCROOT)/FastPdfKit.embeddedframework\"",
				);
				GCC_PRECOMPILE_PREFIX_HEADER = YES;
				GCC_PREFIX_HEADER = "IdeaTable/IdeaTable-Prefix.pch";
				GCC_VERSION = com.apple.compilers.llvm.clang.1_0;
				INFOPLIST_FILE = "IdeaTable/IdeaTable-Info.plist";
				IPHONEOS_DEPLOYMENT_TARGET = 4.0;
				PRODUCT_NAME = "$(TARGET_NAME)";
				SDKROOT = iphoneos;
				TARGETED_DEVICE_FAMILY = "1,2";
				VALID_ARCHS = "i386 armv7 armv6";
				WRAPPER_EXTENSION = app;
			};
			name = Release;
		};
/* End XCBuildConfiguration section */

/* Begin XCConfigurationList section */
		E1F4F8351431A5410032D2A0 /* Build configuration list for PBXProject "IdeaTable" */ = {
			isa = XCConfigurationList;
			buildConfigurations = (
				E1F4F85A1431A5410032D2A0 /* Debug */,
				E1F4F85B1431A5410032D2A0 /* Release */,
			);
			defaultConfigurationIsVisible = 0;
			defaultConfigurationName = Release;
		};
		E1F4F85C1431A5410032D2A0 /* Build configuration list for PBXNativeTarget "IdeaTable" */ = {
			isa = XCConfigurationList;
			buildConfigurations = (
				E1F4F85D1431A5410032D2A0 /* Debug */,
				E1F4F85E1431A5410032D2A0 /* Release */,
			);
			defaultConfigurationIsVisible = 0;
			defaultConfigurationName = Release;
		};
/* End XCConfigurationList section */
	};
	rootObject = E1F4F8321431A5410032D2A0 /* Project object */;
}
